{
  "version": 4,
  "terraform_version": "0.12.7",
  "serial": 2509,
  "lineage": "bdf9b23b-5ba7-2145-c6fd-326e68768737",
  "outputs": {},
  "resources": [
    {
      "module": "module.data",
      "mode": "data",
      "type": "aws_iam_policy_document",
      "name": "s3_full_access",
      "provider": "provider.aws",
      "instances": [
        {
          "schema_version": 0,
          "attributes": {
            "id": "352657328",
            "json": "{\n  \"Version\": \"2012-10-17\",\n  \"Statement\": [\n    {\n      \"Sid\": \"\",\n      \"Effect\": \"Allow\",\n      \"Action\": \"s3:*\",\n      \"Resource\": [\n        \"arn:aws:s3:::xp-bucket-test/*\",\n        \"arn:aws:s3:::xp-bucket-test\"\n      ]\n    }\n  ]\n}",
            "override_json": null,
            "policy_id": null,
            "source_json": null,
            "statement": [
              {
                "actions": [
                  "s3:*"
                ],
                "condition": [],
                "effect": "Allow",
                "not_actions": [],
                "not_principals": [],
                "not_resources": [],
                "principals": [],
                "resources": [
                  "arn:aws:s3:::xp-bucket-test",
                  "arn:aws:s3:::xp-bucket-test/*"
                ],
                "sid": ""
              }
            ],
            "version": "2012-10-17"
          },
          "depends_on": [
            "aws_s3_bucket.s3_bucket"
          ]
        }
      ]
    },
    {
      "module": "module.webserver",
      "mode": "data",
      "type": "template_file",
      "name": "userdata_webserver",
      "provider": "provider.template",
      "instances": [
        {
          "schema_version": 0,
          "attributes": {
            "filename": null,
            "id": "bbe255b77642e01c675d7f3d1c10484b450865c857778c36769b2b2ef90ee3de",
            "rendered": "#!/bin/bash\nsudo su -\nyum update -y\nsudo amazon-linux-extras install epel\nyum install httpd php php-mcrypt.x86_64 php-mysql php-xml php-xmlrpc php-soap mod_ssl php-gd logrotate mysql -y\naws s3 cp s3://xp-bucket-test/webserver_bucket/html.tar.gz /var/www/html\naws s3 cp s3://xp-bucket-test/webserver_bucket/joomla.sql /var/www/\n#aws s3 cp s3://xp-bucket-test/webserver_bucket/Joomla_3.9.11-Stable-Full_Package.tar.gz /var/www/html\naws s3 cp s3://xp-bucket-test/webserver_bucket/selfsign_crt/ca.crt /etc/pki/tls/certs\naws s3 cp s3://xp-bucket-test/webserver_bucket/selfsign_crt/ca.key /etc/pki/tls/private\naws s3 cp s3://xp-bucket-test/webserver_bucket/selfsign_crt/ca.csr /etc/pki/tls/private\naws s3 cp s3://xp-bucket-test/webserver_bucket/selfsign_crt/ssl.conf /etc/httpd/conf.d\ncd /var/www/html/\ntar -xzvf html.tar.gz\nmv html/* .\nrm -rf html.tar.gz html\nsed -i 's/_DATABASE_HOST_/'aurora-cluster-joomla.cluster-cntggvxcnzd7.eu-west-1.rds.amazonaws.com'/g' configuration.php\nsed -i 's/_USER_/'admin'/g' configuration.php\nsed -i 's/_PASSWORD_/'adminadmin'/g' configuration.php\nsed -i 's/_EMAIL_/'tiziano_94@hotmail.it'/g' configuration.php\nsed -i 's/_SITE_NAME_/'cms-kata'/g' configuration.php\nsed -i 's/_DB_NAME_/'joomla'/g' configuration.php\ncd /var/www/\nmysql --user=admin --host=aurora-cluster-joomla.cluster-cntggvxcnzd7.eu-west-1.rds.amazonaws.com --password=adminadmin\ncreate database joomla character set utf8 collate utf8_general_ci;\nuse joomla\nsource joomla.sql\nchown -R apache:apache  /var/www/html/\nsystemctl restart httpd\nsystemctl enable httpd.service\n\n",
            "template": "#!/bin/bash\nsudo su -\nyum update -y\nsudo amazon-linux-extras install epel\nyum install httpd php php-mcrypt.x86_64 php-mysql php-xml php-xmlrpc php-soap mod_ssl php-gd logrotate mysql -y\naws s3 cp s3://xp-bucket-test/webserver_bucket/html.tar.gz /var/www/html\naws s3 cp s3://xp-bucket-test/webserver_bucket/joomla.sql /var/www/\n#aws s3 cp s3://xp-bucket-test/webserver_bucket/Joomla_3.9.11-Stable-Full_Package.tar.gz /var/www/html\naws s3 cp s3://xp-bucket-test/webserver_bucket/selfsign_crt/ca.crt /etc/pki/tls/certs\naws s3 cp s3://xp-bucket-test/webserver_bucket/selfsign_crt/ca.key /etc/pki/tls/private\naws s3 cp s3://xp-bucket-test/webserver_bucket/selfsign_crt/ca.csr /etc/pki/tls/private\naws s3 cp s3://xp-bucket-test/webserver_bucket/selfsign_crt/ssl.conf /etc/httpd/conf.d\ncd /var/www/html/\ntar -xzvf html.tar.gz\nmv html/* .\nrm -rf html.tar.gz html\nsed -i 's/_DATABASE_HOST_/'${db_endpoint}'/g' configuration.php\nsed -i 's/_USER_/'${db_admin}'/g' configuration.php\nsed -i 's/_PASSWORD_/'${db_passwd}'/g' configuration.php\nsed -i 's/_EMAIL_/'${jml_mail}'/g' configuration.php\nsed -i 's/_SITE_NAME_/'${site_name}'/g' configuration.php\nsed -i 's/_DB_NAME_/'${db_name}'/g' configuration.php\ncd /var/www/\nmysql --user=${db_admin} --host=${db_endpoint} --password=${db_passwd}\ncreate database joomla character set utf8 collate utf8_general_ci;\nuse joomla\nsource joomla.sql\nchown -R apache:apache  /var/www/html/\nsystemctl restart httpd\nsystemctl enable httpd.service\n\n",
            "vars": {
              "db_admin": "admin",
              "db_endpoint": "aurora-cluster-joomla.cluster-cntggvxcnzd7.eu-west-1.rds.amazonaws.com",
              "db_name": "joomla",
              "db_passwd": "adminadmin",
              "jml_mail": "tiziano_94@hotmail.it",
              "site_name": "cms-kata"
            }
          }
        }
      ]
    },
    {
      "module": "module.webserver",
      "mode": "managed",
      "type": "aws_autoscaling_group",
      "name": "ec2_asg",
      "provider": "provider.aws",
      "instances": [
        {
          "schema_version": 0,
          "attributes": {
            "arn": "arn:aws:autoscaling:eu-west-1:116177369426:autoScalingGroup:3b7b5c72-ccbb-47d8-ac3b-7e66423753a6:autoScalingGroupName/tf-asg-20190908175655460000000002",
            "availability_zones": [
              "eu-west-1a",
              "eu-west-1b"
            ],
            "default_cooldown": 300,
            "desired_capacity": 2,
            "enabled_metrics": null,
            "force_delete": false,
            "health_check_grace_period": 300,
            "health_check_type": "EC2",
            "id": "tf-asg-20190908175655460000000002",
            "initial_lifecycle_hook": [],
            "launch_configuration": "ec2_webserver",
            "launch_template": [],
            "load_balancers": [],
            "max_size": 4,
            "metrics_granularity": "1Minute",
            "min_elb_capacity": null,
            "min_size": 2,
            "mixed_instances_policy": [],
            "name": "tf-asg-20190908175655460000000002",
            "name_prefix": null,
            "placement_group": "",
            "protect_from_scale_in": false,
            "service_linked_role_arn": "arn:aws:iam::116177369426:role/aws-service-role/autoscaling.amazonaws.com/AWSServiceRoleForAutoScaling",
            "suspended_processes": null,
            "tag": [],
            "tags": null,
            "target_group_arns": [
              "arn:aws:elasticloadbalancing:eu-west-1:116177369426:targetgroup/tg-loadbalancer-prod/ae8ee17aba86505c"
            ],
            "termination_policies": null,
            "timeouts": null,
            "vpc_zone_identifier": [
              "subnet-0bb8a396b021b93c5",
              "subnet-0c4918f108142c488"
            ],
            "wait_for_capacity_timeout": "10m",
            "wait_for_elb_capacity": null
          },
          "private": "eyJlMmJmYjczMC1lY2FhLTExZTYtOGY4OC0zNDM2M2JjN2M0YzAiOnsiZGVsZXRlIjo2MDAwMDAwMDAwMDB9fQ==",
          "depends_on": [
            "aws_launch_configuration.ec2_webserver",
            "aws_lb_target_group.lb_targetgroup"
          ]
        }
      ]
    },
    {
      "module": "module.webserver",
      "mode": "managed",
      "type": "aws_autoscaling_policy",
      "name": "scale_down",
      "provider": "provider.aws",
      "instances": [
        {
          "schema_version": 0,
          "attributes": {
            "adjustment_type": "ChangeInCapacity",
            "arn": "arn:aws:autoscaling:eu-west-1:116177369426:scalingPolicy:7b488f00-e6cf-4338-8f8f-8cce3aa164d7:autoScalingGroupName/tf-asg-20190908175655460000000002:policyName/autoscaling_down_ec2_instance",
            "autoscaling_group_name": "tf-asg-20190908175655460000000002",
            "cooldown": 300,
            "estimated_instance_warmup": 0,
            "id": "autoscaling_down_ec2_instance",
            "metric_aggregation_type": "",
            "min_adjustment_magnitude": null,
            "min_adjustment_step": null,
            "name": "autoscaling_down_ec2_instance",
            "policy_type": "SimpleScaling",
            "scaling_adjustment": 1,
            "step_adjustment": [],
            "target_tracking_configuration": []
          },
          "private": "bnVsbA==",
          "depends_on": [
            "aws_autoscaling_group.ec2_asg"
          ]
        }
      ]
    },
    {
      "module": "module.webserver",
      "mode": "managed",
      "type": "aws_autoscaling_policy",
      "name": "scale_up",
      "provider": "provider.aws",
      "instances": [
        {
          "schema_version": 0,
          "attributes": {
            "adjustment_type": "ChangeInCapacity",
            "arn": "arn:aws:autoscaling:eu-west-1:116177369426:scalingPolicy:54701bd2-4a86-4d5d-b540-8238ae890d70:autoScalingGroupName/tf-asg-20190908175655460000000002:policyName/autoscaling_up_ec2_instance",
            "autoscaling_group_name": "tf-asg-20190908175655460000000002",
            "cooldown": 300,
            "estimated_instance_warmup": 0,
            "id": "autoscaling_up_ec2_instance",
            "metric_aggregation_type": "",
            "min_adjustment_magnitude": null,
            "min_adjustment_step": null,
            "name": "autoscaling_up_ec2_instance",
            "policy_type": "SimpleScaling",
            "scaling_adjustment": 1,
            "step_adjustment": [],
            "target_tracking_configuration": []
          },
          "private": "bnVsbA==",
          "depends_on": [
            "aws_autoscaling_group.ec2_asg"
          ]
        }
      ]
    },
    {
      "module": "module.webserver",
      "mode": "managed",
      "type": "aws_cloudwatch_metric_alarm",
      "name": "high_cpu_utilization",
      "provider": "provider.aws",
      "instances": [
        {
          "schema_version": 1,
          "attributes": {
            "actions_enabled": true,
            "alarm_actions": [
              "arn:aws:autoscaling:eu-west-1:116177369426:scalingPolicy:54701bd2-4a86-4d5d-b540-8238ae890d70:autoScalingGroupName/tf-asg-20190908175655460000000002:policyName/autoscaling_up_ec2_instance"
            ],
            "alarm_description": "This metric monitor joomla webserver high CPU utilization",
            "alarm_name": "joomla_scale_up",
            "arn": "arn:aws:cloudwatch:eu-west-1:116177369426:alarm:joomla_scale_up",
            "comparison_operator": "GreaterThanOrEqualToThreshold",
            "datapoints_to_alarm": 0,
            "dimensions": {
              "autoscaling_group_name": "tf-asg-20190908175655460000000002"
            },
            "evaluate_low_sample_count_percentiles": "",
            "evaluation_periods": 2,
            "extended_statistic": "",
            "id": "joomla_scale_up",
            "insufficient_data_actions": null,
            "metric_name": "CPU_Utilization",
            "metric_query": [],
            "namespace": "AWS/EC2",
            "ok_actions": null,
            "period": 120,
            "statistic": "Average",
            "tags": null,
            "threshold": 80,
            "treat_missing_data": "missing",
            "unit": ""
          },
          "private": "eyJzY2hlbWFfdmVyc2lvbiI6IjEifQ==",
          "depends_on": [
            "aws_autoscaling_group.ec2_asg",
            "aws_autoscaling_policy.scale_up"
          ]
        }
      ]
    },
    {
      "module": "module.webserver",
      "mode": "managed",
      "type": "aws_cloudwatch_metric_alarm",
      "name": "low_cpu_utilization",
      "provider": "provider.aws",
      "instances": [
        {
          "schema_version": 1,
          "attributes": {
            "actions_enabled": true,
            "alarm_actions": [
              "arn:aws:autoscaling:eu-west-1:116177369426:scalingPolicy:7b488f00-e6cf-4338-8f8f-8cce3aa164d7:autoScalingGroupName/tf-asg-20190908175655460000000002:policyName/autoscaling_down_ec2_instance"
            ],
            "alarm_description": "This metric monitor joomla webserver low CPU utilization",
            "alarm_name": "joomla_scale_down",
            "arn": "arn:aws:cloudwatch:eu-west-1:116177369426:alarm:joomla_scale_down",
            "comparison_operator": "LessThanOrEqualToThreshold",
            "datapoints_to_alarm": 0,
            "dimensions": {
              "autoscaling_group_name": "tf-asg-20190908175655460000000002"
            },
            "evaluate_low_sample_count_percentiles": "",
            "evaluation_periods": 2,
            "extended_statistic": "",
            "id": "joomla_scale_down",
            "insufficient_data_actions": null,
            "metric_name": "CPU_Utilization",
            "metric_query": [],
            "namespace": "AWS/EC2",
            "ok_actions": null,
            "period": 120,
            "statistic": "Average",
            "tags": null,
            "threshold": 20,
            "treat_missing_data": "missing",
            "unit": ""
          },
          "private": "eyJzY2hlbWFfdmVyc2lvbiI6IjEifQ==",
          "depends_on": [
            "aws_autoscaling_group.ec2_asg",
            "aws_autoscaling_policy.scale_down"
          ]
        }
      ]
    },
    {
      "module": "module.database",
      "mode": "managed",
      "type": "aws_db_subnet_group",
      "name": "private_db_subnet_group",
      "provider": "provider.aws",
      "instances": [
        {
          "schema_version": 0,
          "attributes": {
            "arn": "arn:aws:rds:eu-west-1:116177369426:subgrp:db_private_subnet_group",
            "description": "Managed by Terraform",
            "id": "db_private_subnet_group",
            "name": "db_private_subnet_group",
            "name_prefix": null,
            "subnet_ids": [
              "subnet-0524aa455f107190b",
              "subnet-0d7202ab0bee57ca2"
            ],
            "tags": {
              "Name": "My DB subnet group"
            }
          },
          "private": "bnVsbA=="
        }
      ]
    },
    {
      "module": "module.vpc",
      "mode": "managed",
      "type": "aws_eip",
      "name": "nat_ip_1",
      "provider": "provider.aws",
      "instances": [
        {
          "schema_version": 0,
          "attributes": {
            "allocation_id": null,
            "associate_with_private_ip": null,
            "association_id": "",
            "domain": "vpc",
            "id": "eipalloc-0ecf5dfa2133892f6",
            "instance": "",
            "network_interface": "",
            "private_dns": null,
            "private_ip": "",
            "public_dns": "ec2-34-243-50-138.eu-west-1.compute.amazonaws.com",
            "public_ip": "34.243.50.138",
            "public_ipv4_pool": "amazon",
            "tags": null,
            "timeouts": null,
            "vpc": true
          },
          "private": "eyJlMmJmYjczMC1lY2FhLTExZTYtOGY4OC0zNDM2M2JjN2M0YzAiOnsiZGVsZXRlIjoxODAwMDAwMDAwMDAsInJlYWQiOjkwMDAwMDAwMDAwMCwidXBkYXRlIjozMDAwMDAwMDAwMDB9fQ=="
        }
      ]
    },
    {
      "module": "module.vpc",
      "mode": "managed",
      "type": "aws_eip",
      "name": "nat_ip_2",
      "provider": "provider.aws",
      "instances": [
        {
          "schema_version": 0,
          "attributes": {
            "allocation_id": null,
            "associate_with_private_ip": null,
            "association_id": "",
            "domain": "vpc",
            "id": "eipalloc-0b1512771b227fd4c",
            "instance": "",
            "network_interface": "",
            "private_dns": null,
            "private_ip": "",
            "public_dns": "ec2-34-247-144-149.eu-west-1.compute.amazonaws.com",
            "public_ip": "34.247.144.149",
            "public_ipv4_pool": "amazon",
            "tags": null,
            "timeouts": null,
            "vpc": true
          },
          "private": "eyJlMmJmYjczMC1lY2FhLTExZTYtOGY4OC0zNDM2M2JjN2M0YzAiOnsiZGVsZXRlIjoxODAwMDAwMDAwMDAsInJlYWQiOjkwMDAwMDAwMDAwMCwidXBkYXRlIjozMDAwMDAwMDAwMDB9fQ=="
        }
      ]
    },
    {
      "module": "module.webserver",
      "mode": "managed",
      "type": "aws_iam_instance_profile",
      "name": "instance",
      "provider": "provider.aws",
      "instances": [
        {
          "schema_version": 0,
          "attributes": {
            "arn": "arn:aws:iam::116177369426:instance-profile/instance_launcher",
            "create_date": "2019-09-08T17:55:51Z",
            "id": "instance_launcher",
            "name": "instance_launcher",
            "name_prefix": null,
            "path": "/",
            "role": "instance_role",
            "roles": [],
            "unique_id": "AIPARWDFV7FJF666DGZXJ"
          },
          "private": "bnVsbA==",
          "depends_on": [
            "aws_iam_role.instance"
          ]
        }
      ]
    },
    {
      "module": "module.data",
      "mode": "managed",
      "type": "aws_iam_policy",
      "name": "s3_full_access",
      "provider": "provider.aws",
      "instances": [
        {
          "schema_version": 0,
          "attributes": {
            "arn": "arn:aws:iam::116177369426:policy/s3_read_access",
            "description": "",
            "id": "arn:aws:iam::116177369426:policy/s3_read_access",
            "name": "s3_read_access",
            "name_prefix": null,
            "path": "/",
            "policy": "{\n  \"Version\": \"2012-10-17\",\n  \"Statement\": [\n    {\n      \"Sid\": \"\",\n      \"Effect\": \"Allow\",\n      \"Action\": \"s3:*\",\n      \"Resource\": [\n        \"arn:aws:s3:::xp-bucket-test/*\",\n        \"arn:aws:s3:::xp-bucket-test\"\n      ]\n    }\n  ]\n}"
          },
          "private": "bnVsbA==",
          "depends_on": [
            "data.aws_iam_policy_document.s3_full_access"
          ]
        }
      ]
    },
    {
      "module": "module.webserver",
      "mode": "managed",
      "type": "aws_iam_role",
      "name": "instance",
      "provider": "provider.aws",
      "instances": [
        {
          "schema_version": 0,
          "attributes": {
            "arn": "arn:aws:iam::116177369426:role/instance_role",
            "assume_role_policy": "{\"Version\":\"2012-10-17\",\"Statement\":[{\"Sid\":\"\",\"Effect\":\"Allow\",\"Principal\":{\"Service\":\"ec2.amazonaws.com\"},\"Action\":\"sts:AssumeRole\"}]}",
            "create_date": "2019-09-08T17:55:50Z",
            "description": "",
            "force_detach_policies": false,
            "id": "instance_role",
            "max_session_duration": 3600,
            "name": "instance_role",
            "name_prefix": null,
            "path": "/",
            "permissions_boundary": null,
            "tags": null,
            "unique_id": "AROARWDFV7FJH7SVDCO5R"
          },
          "private": "bnVsbA=="
        }
      ]
    },
    {
      "module": "module.webserver",
      "mode": "managed",
      "type": "aws_iam_role_policy_attachment",
      "name": "s3_full_access",
      "provider": "provider.aws",
      "instances": [
        {
          "schema_version": 0,
          "attributes": {
            "id": "instance_role-20190908175612265400000001",
            "policy_arn": "arn:aws:iam::116177369426:policy/s3_read_access",
            "role": "instance_role"
          },
          "private": "bnVsbA==",
          "depends_on": [
            "aws_iam_role.instance"
          ]
        }
      ]
    },
    {
      "module": "module.vpc",
      "mode": "managed",
      "type": "aws_internet_gateway",
      "name": "gateway",
      "provider": "provider.aws",
      "instances": [
        {
          "schema_version": 0,
          "attributes": {
            "id": "igw-051a8ae221e91fb9b",
            "owner_id": "116177369426",
            "tags": {
              "key": "Name",
              "propagate_at_launch": "true",
              "value": "test"
            },
            "vpc_id": "vpc-0564551456f45caee"
          },
          "private": "bnVsbA==",
          "depends_on": [
            "aws_vpc.default"
          ]
        }
      ]
    },
    {
      "module": "module.webserver",
      "mode": "managed",
      "type": "aws_launch_configuration",
      "name": "ec2_webserver",
      "provider": "provider.aws",
      "instances": [
        {
          "schema_version": 0,
          "attributes": {
            "associate_public_ip_address": false,
            "ebs_block_device": [],
            "ebs_optimized": false,
            "enable_monitoring": true,
            "ephemeral_block_device": [],
            "iam_instance_profile": "instance_launcher",
            "id": "ec2_webserver",
            "image_id": "ami-0ce71448843cb18a1",
            "instance_type": "t2.micro",
            "key_name": "macbook",
            "name": "ec2_webserver",
            "name_prefix": null,
            "placement_tenancy": null,
            "root_block_device": [],
            "security_groups": [
              "sg-03c34ffa3c7d2286d",
              "sg-049dde02b3125808b"
            ],
            "spot_price": "",
            "user_data": "4e1f4f9d8bfa4523009e4f74dc39f9d8df50b495",
            "user_data_base64": null,
            "vpc_classic_link_id": "",
            "vpc_classic_link_security_groups": null
          },
          "private": "bnVsbA==",
          "depends_on": [
            "aws_iam_instance_profile.instance",
            "aws_security_group.public_sg",
            "aws_security_group.ssh_sg",
            "data.template_file.userdata_webserver"
          ]
        }
      ]
    },
    {
      "module": "module.webserver",
      "mode": "managed",
      "type": "aws_lb",
      "name": "loadbalancer",
      "provider": "provider.aws",
      "instances": [
        {
          "schema_version": 0,
          "attributes": {
            "access_logs": [
              {
                "bucket": "",
                "enabled": false,
                "prefix": ""
              }
            ],
            "arn": "arn:aws:elasticloadbalancing:eu-west-1:116177369426:loadbalancer/app/jml-alb/5066ba324ecd9fff",
            "arn_suffix": "app/jml-alb/5066ba324ecd9fff",
            "dns_name": "jml-alb-1906018731.eu-west-1.elb.amazonaws.com",
            "enable_cross_zone_load_balancing": null,
            "enable_deletion_protection": false,
            "enable_http2": true,
            "id": "arn:aws:elasticloadbalancing:eu-west-1:116177369426:loadbalancer/app/jml-alb/5066ba324ecd9fff",
            "idle_timeout": 60,
            "internal": false,
            "ip_address_type": "ipv4",
            "load_balancer_type": "application",
            "name": "jml-alb",
            "name_prefix": null,
            "security_groups": [
              "sg-05e93b49366e257d0"
            ],
            "subnet_mapping": [
              {
                "allocation_id": "",
                "subnet_id": "subnet-002f5f5bddf55386d"
              },
              {
                "allocation_id": "",
                "subnet_id": "subnet-0124aa331e25fbe00"
              }
            ],
            "subnets": [
              "subnet-002f5f5bddf55386d",
              "subnet-0124aa331e25fbe00"
            ],
            "tags": {
              "Enviroment": "Production",
              "Name": "Application Load Balancer"
            },
            "timeouts": null,
            "vpc_id": "vpc-0564551456f45caee",
            "zone_id": "Z32O12XQLNTSW2"
          },
          "private": "eyJlMmJmYjczMC1lY2FhLTExZTYtOGY4OC0zNDM2M2JjN2M0YzAiOnsiY3JlYXRlIjo2MDAwMDAwMDAwMDAsImRlbGV0ZSI6NjAwMDAwMDAwMDAwLCJ1cGRhdGUiOjYwMDAwMDAwMDAwMH19",
          "depends_on": [
            "aws_security_group.external_sg"
          ]
        }
      ]
    },
    {
      "module": "module.webserver",
      "mode": "managed",
      "type": "aws_lb_listener",
      "name": "http_listener",
      "provider": "provider.aws",
      "instances": [
        {
          "schema_version": 0,
          "attributes": {
            "arn": "arn:aws:elasticloadbalancing:eu-west-1:116177369426:listener/app/jml-alb/5066ba324ecd9fff/34b16f423921a7c5",
            "certificate_arn": null,
            "default_action": [
              {
                "authenticate_cognito": [],
                "authenticate_oidc": [],
                "fixed_response": [],
                "order": 1,
                "redirect": [],
                "target_group_arn": "arn:aws:elasticloadbalancing:eu-west-1:116177369426:targetgroup/tg-loadbalancer-prod/ae8ee17aba86505c",
                "type": "forward"
              }
            ],
            "id": "arn:aws:elasticloadbalancing:eu-west-1:116177369426:listener/app/jml-alb/5066ba324ecd9fff/34b16f423921a7c5",
            "load_balancer_arn": "arn:aws:elasticloadbalancing:eu-west-1:116177369426:loadbalancer/app/jml-alb/5066ba324ecd9fff",
            "port": 80,
            "protocol": "HTTP",
            "ssl_policy": "",
            "timeouts": null
          },
          "private": "eyJlMmJmYjczMC1lY2FhLTExZTYtOGY4OC0zNDM2M2JjN2M0YzAiOnsicmVhZCI6NjAwMDAwMDAwMDAwfX0=",
          "depends_on": [
            "aws_lb.loadbalancer",
            "aws_lb_target_group.lb_targetgroup"
          ]
        }
      ]
    },
    {
      "module": "module.webserver",
      "mode": "managed",
      "type": "aws_lb_target_group",
      "name": "lb_targetgroup",
      "provider": "provider.aws",
      "instances": [
        {
          "schema_version": 0,
          "attributes": {
            "arn": "arn:aws:elasticloadbalancing:eu-west-1:116177369426:targetgroup/tg-loadbalancer-prod/ae8ee17aba86505c",
            "arn_suffix": "targetgroup/tg-loadbalancer-prod/ae8ee17aba86505c",
            "deregistration_delay": 300,
            "health_check": [
              {
                "enabled": true,
                "healthy_threshold": 2,
                "interval": 30,
                "matcher": "200",
                "path": "/",
                "port": "traffic-port",
                "protocol": "HTTP",
                "timeout": 28,
                "unhealthy_threshold": 5
              }
            ],
            "id": "arn:aws:elasticloadbalancing:eu-west-1:116177369426:targetgroup/tg-loadbalancer-prod/ae8ee17aba86505c",
            "lambda_multi_value_headers_enabled": false,
            "name": "tg-loadbalancer-prod",
            "name_prefix": null,
            "port": 80,
            "protocol": "HTTP",
            "proxy_protocol_v2": false,
            "slow_start": 0,
            "stickiness": [
              {
                "cookie_duration": 600,
                "enabled": true,
                "type": "lb_cookie"
              }
            ],
            "tags": null,
            "target_type": "instance",
            "vpc_id": "vpc-0564551456f45caee"
          },
          "private": "bnVsbA=="
        }
      ]
    },
    {
      "module": "module.vpc",
      "mode": "managed",
      "type": "aws_nat_gateway",
      "name": "ngw_1",
      "provider": "provider.aws",
      "instances": [
        {
          "schema_version": 0,
          "attributes": {
            "allocation_id": "eipalloc-0ecf5dfa2133892f6",
            "id": "nat-087ff596f6a8ba043",
            "network_interface_id": "eni-0e2297bbed9f31e10",
            "private_ip": "192.168.5.61",
            "public_ip": "34.243.50.138",
            "subnet_id": "subnet-0c4918f108142c488",
            "tags": null
          },
          "private": "bnVsbA==",
          "depends_on": [
            "aws_eip.nat_ip_1",
            "aws_subnet.public_subnet_1"
          ]
        }
      ]
    },
    {
      "module": "module.vpc",
      "mode": "managed",
      "type": "aws_nat_gateway",
      "name": "ngw_2",
      "provider": "provider.aws",
      "instances": [
        {
          "schema_version": 0,
          "attributes": {
            "allocation_id": "eipalloc-0b1512771b227fd4c",
            "id": "nat-0c096a7d881b7d228",
            "network_interface_id": "eni-0c530922d7094dce8",
            "private_ip": "192.168.6.179",
            "public_ip": "34.247.144.149",
            "subnet_id": "subnet-0bb8a396b021b93c5",
            "tags": null
          },
          "private": "bnVsbA==",
          "depends_on": [
            "aws_eip.nat_ip_2",
            "aws_subnet.public_subnet_2"
          ]
        }
      ]
    },
    {
      "module": "module.database",
      "mode": "managed",
      "type": "aws_rds_cluster",
      "name": "joomla",
      "provider": "provider.aws",
      "instances": [
        {
          "schema_version": 0,
          "attributes": {
            "apply_immediately": null,
            "arn": "arn:aws:rds:eu-west-1:116177369426:cluster:aurora-cluster-joomla",
            "availability_zones": [
              "eu-west-1a",
              "eu-west-1b"
            ],
            "backtrack_window": 0,
            "backup_retention_period": 1,
            "cluster_identifier": "aurora-cluster-joomla",
            "cluster_identifier_prefix": null,
            "cluster_members": [],
            "cluster_resource_id": "cluster-OYXT3GVDWAHBRHWXAGCLWWDR6Y",
            "copy_tags_to_snapshot": false,
            "database_name": "joomla",
            "db_cluster_parameter_group_name": "default.aurora5.6",
            "db_subnet_group_name": "db_private_subnet_group",
            "deletion_protection": false,
            "enabled_cloudwatch_logs_exports": null,
            "endpoint": "aurora-cluster-joomla.cluster-cntggvxcnzd7.eu-west-1.rds.amazonaws.com",
            "engine": "aurora",
            "engine_mode": "provisioned",
            "engine_version": "5.6.10a",
            "final_snapshot_identifier": null,
            "global_cluster_identifier": "",
            "hosted_zone_id": "Z29XKXDKYMONMX",
            "iam_database_authentication_enabled": false,
            "iam_roles": null,
            "id": "aurora-cluster-joomla",
            "kms_key_id": "",
            "master_password": "adminadmin",
            "master_username": "admin",
            "port": 3306,
            "preferred_backup_window": "00:41-01:11",
            "preferred_maintenance_window": "wed:22:12-wed:22:42",
            "reader_endpoint": "aurora-cluster-joomla.cluster-ro-cntggvxcnzd7.eu-west-1.rds.amazonaws.com",
            "replication_source_identifier": "",
            "s3_import": [],
            "scaling_configuration": [],
            "skip_final_snapshot": true,
            "snapshot_identifier": null,
            "source_region": null,
            "storage_encrypted": false,
            "tags": null,
            "timeouts": null,
            "vpc_security_group_ids": [
              "sg-06364056f20c3da7b"
            ]
          },
          "private": "eyJlMmJmYjczMC1lY2FhLTExZTYtOGY4OC0zNDM2M2JjN2M0YzAiOnsiY3JlYXRlIjo3MjAwMDAwMDAwMDAwLCJkZWxldGUiOjcyMDAwMDAwMDAwMDAsInVwZGF0ZSI6NzIwMDAwMDAwMDAwMH19",
          "depends_on": [
            "aws_security_group.private_sg"
          ]
        }
      ]
    },
    {
      "module": "module.database",
      "mode": "managed",
      "type": "aws_rds_cluster_instance",
      "name": "db_istances",
      "each": "list",
      "provider": "provider.aws",
      "instances": [
        {
          "index_key": 0,
          "schema_version": 0,
          "attributes": {
            "apply_immediately": null,
            "arn": "arn:aws:rds:eu-west-1:116177369426:db:aurora-joomla-0",
            "auto_minor_version_upgrade": true,
            "availability_zone": "eu-west-1a",
            "cluster_identifier": "aurora-cluster-joomla",
            "copy_tags_to_snapshot": false,
            "db_parameter_group_name": "default.aurora5.6",
            "db_subnet_group_name": "db_private_subnet_group",
            "dbi_resource_id": "db-PR4K2QNRAOBSNUHNCGCLDWWGA4",
            "endpoint": "aurora-joomla-0.cntggvxcnzd7.eu-west-1.rds.amazonaws.com",
            "engine": "aurora",
            "engine_version": "5.6.10a",
            "id": "aurora-joomla-0",
            "identifier": "aurora-joomla-0",
            "identifier_prefix": null,
            "instance_class": "db.t3.medium",
            "kms_key_id": "",
            "monitoring_interval": 0,
            "monitoring_role_arn": "",
            "performance_insights_enabled": false,
            "performance_insights_kms_key_id": "",
            "port": 3306,
            "preferred_backup_window": "00:41-01:11",
            "preferred_maintenance_window": "sun:00:02-sun:00:32",
            "promotion_tier": 0,
            "publicly_accessible": false,
            "storage_encrypted": false,
            "tags": null,
            "timeouts": null,
            "writer": true
          },
          "private": "eyJlMmJmYjczMC1lY2FhLTExZTYtOGY4OC0zNDM2M2JjN2M0YzAiOnsiY3JlYXRlIjo1NDAwMDAwMDAwMDAwLCJkZWxldGUiOjU0MDAwMDAwMDAwMDAsInVwZGF0ZSI6NTQwMDAwMDAwMDAwMH19",
          "depends_on": [
            "aws_rds_cluster.joomla"
          ]
        },
        {
          "index_key": 1,
          "schema_version": 0,
          "attributes": {
            "apply_immediately": null,
            "arn": "arn:aws:rds:eu-west-1:116177369426:db:aurora-joomla-1",
            "auto_minor_version_upgrade": true,
            "availability_zone": "eu-west-1b",
            "cluster_identifier": "aurora-cluster-joomla",
            "copy_tags_to_snapshot": false,
            "db_parameter_group_name": "default.aurora5.6",
            "db_subnet_group_name": "db_private_subnet_group",
            "dbi_resource_id": "db-B6N24YIX5GOKSHW757J6XGDOKU",
            "endpoint": "aurora-joomla-1.cntggvxcnzd7.eu-west-1.rds.amazonaws.com",
            "engine": "aurora",
            "engine_version": "5.6.10a",
            "id": "aurora-joomla-1",
            "identifier": "aurora-joomla-1",
            "identifier_prefix": null,
            "instance_class": "db.t3.medium",
            "kms_key_id": "",
            "monitoring_interval": 0,
            "monitoring_role_arn": "",
            "performance_insights_enabled": false,
            "performance_insights_kms_key_id": "",
            "port": 3306,
            "preferred_backup_window": "00:41-01:11",
            "preferred_maintenance_window": "sun:22:29-sun:22:59",
            "promotion_tier": 0,
            "publicly_accessible": false,
            "storage_encrypted": false,
            "tags": null,
            "timeouts": null,
            "writer": false
          },
          "private": "eyJlMmJmYjczMC1lY2FhLTExZTYtOGY4OC0zNDM2M2JjN2M0YzAiOnsiY3JlYXRlIjo1NDAwMDAwMDAwMDAwLCJkZWxldGUiOjU0MDAwMDAwMDAwMDAsInVwZGF0ZSI6NTQwMDAwMDAwMDAwMH19",
          "depends_on": [
            "aws_rds_cluster.joomla"
          ]
        }
      ]
    },
    {
      "module": "module.vpc",
      "mode": "managed",
      "type": "aws_route_table",
      "name": "dmz_route_table",
      "provider": "provider.aws",
      "instances": [
        {
          "schema_version": 0,
          "attributes": {
            "id": "rtb-078dab065f2c7a9bc",
            "owner_id": "116177369426",
            "propagating_vgws": [],
            "route": [
              {
                "cidr_block": "0.0.0.0/0",
                "egress_only_gateway_id": "",
                "gateway_id": "igw-051a8ae221e91fb9b",
                "instance_id": "",
                "ipv6_cidr_block": "",
                "nat_gateway_id": "",
                "network_interface_id": "",
                "transit_gateway_id": "",
                "vpc_peering_connection_id": ""
              }
            ],
            "tags": null,
            "vpc_id": "vpc-0564551456f45caee"
          },
          "private": "bnVsbA==",
          "depends_on": [
            "aws_internet_gateway.gateway",
            "aws_vpc.default"
          ]
        }
      ]
    },
    {
      "module": "module.vpc",
      "mode": "managed",
      "type": "aws_route_table",
      "name": "private_route_table_1",
      "provider": "provider.aws",
      "instances": [
        {
          "schema_version": 0,
          "attributes": {
            "id": "rtb-014d1587d59753dce",
            "owner_id": "116177369426",
            "propagating_vgws": [],
            "route": [
              {
                "cidr_block": "0.0.0.0/0",
                "egress_only_gateway_id": "",
                "gateway_id": "nat-087ff596f6a8ba043",
                "instance_id": "",
                "ipv6_cidr_block": "",
                "nat_gateway_id": "",
                "network_interface_id": "",
                "transit_gateway_id": "",
                "vpc_peering_connection_id": ""
              }
            ],
            "tags": null,
            "vpc_id": "vpc-0564551456f45caee"
          },
          "private": "bnVsbA==",
          "depends_on": [
            "aws_nat_gateway.ngw_1",
            "aws_vpc.default"
          ]
        }
      ]
    },
    {
      "module": "module.vpc",
      "mode": "managed",
      "type": "aws_route_table",
      "name": "private_route_table_2",
      "provider": "provider.aws",
      "instances": [
        {
          "schema_version": 0,
          "attributes": {
            "id": "rtb-055046310ed291942",
            "owner_id": "116177369426",
            "propagating_vgws": [],
            "route": [
              {
                "cidr_block": "0.0.0.0/0",
                "egress_only_gateway_id": "",
                "gateway_id": "nat-0c096a7d881b7d228",
                "instance_id": "",
                "ipv6_cidr_block": "",
                "nat_gateway_id": "",
                "network_interface_id": "",
                "transit_gateway_id": "",
                "vpc_peering_connection_id": ""
              }
            ],
            "tags": null,
            "vpc_id": "vpc-0564551456f45caee"
          },
          "private": "bnVsbA==",
          "depends_on": [
            "aws_nat_gateway.ngw_2",
            "aws_vpc.default"
          ]
        }
      ]
    },
    {
      "module": "module.vpc",
      "mode": "managed",
      "type": "aws_route_table",
      "name": "public_route_table",
      "provider": "provider.aws",
      "instances": [
        {
          "schema_version": 0,
          "attributes": {
            "id": "rtb-04b56b74dccb3e069",
            "owner_id": "116177369426",
            "propagating_vgws": [],
            "route": [
              {
                "cidr_block": "0.0.0.0/0",
                "egress_only_gateway_id": "",
                "gateway_id": "igw-051a8ae221e91fb9b",
                "instance_id": "",
                "ipv6_cidr_block": "",
                "nat_gateway_id": "",
                "network_interface_id": "",
                "transit_gateway_id": "",
                "vpc_peering_connection_id": ""
              }
            ],
            "tags": null,
            "vpc_id": "vpc-0564551456f45caee"
          },
          "private": "bnVsbA==",
          "depends_on": [
            "aws_internet_gateway.gateway",
            "aws_vpc.default"
          ]
        }
      ]
    },
    {
      "module": "module.vpc",
      "mode": "managed",
      "type": "aws_route_table",
      "name": "vpc_route",
      "provider": "provider.aws",
      "instances": [
        {
          "schema_version": 0,
          "attributes": {
            "id": "rtb-01697938fc07ee410",
            "owner_id": "116177369426",
            "propagating_vgws": [],
            "route": [
              {
                "cidr_block": "0.0.0.0/0",
                "egress_only_gateway_id": "",
                "gateway_id": "igw-051a8ae221e91fb9b",
                "instance_id": "",
                "ipv6_cidr_block": "",
                "nat_gateway_id": "",
                "network_interface_id": "",
                "transit_gateway_id": "",
                "vpc_peering_connection_id": ""
              }
            ],
            "tags": null,
            "vpc_id": "vpc-0564551456f45caee"
          },
          "private": "bnVsbA==",
          "depends_on": [
            "aws_internet_gateway.gateway",
            "aws_vpc.default"
          ]
        }
      ]
    },
    {
      "module": "module.vpc",
      "mode": "managed",
      "type": "aws_route_table_association",
      "name": "dmz_route_association_1",
      "provider": "provider.aws",
      "instances": [
        {
          "schema_version": 0,
          "attributes": {
            "id": "rtbassoc-0c71fd03f556e2abd",
            "route_table_id": "rtb-078dab065f2c7a9bc",
            "subnet_id": "subnet-002f5f5bddf55386d"
          },
          "private": "bnVsbA==",
          "depends_on": [
            "aws_route_table.dmz_route_table",
            "aws_subnet.dmz_subnet_1"
          ]
        }
      ]
    },
    {
      "module": "module.vpc",
      "mode": "managed",
      "type": "aws_route_table_association",
      "name": "dmz_route_association_2",
      "provider": "provider.aws",
      "instances": [
        {
          "schema_version": 0,
          "attributes": {
            "id": "rtbassoc-0d8a8e376e5a9554e",
            "route_table_id": "rtb-078dab065f2c7a9bc",
            "subnet_id": "subnet-0124aa331e25fbe00"
          },
          "private": "bnVsbA==",
          "depends_on": [
            "aws_route_table.dmz_route_table",
            "aws_subnet.dmz_subnet_2"
          ]
        }
      ]
    },
    {
      "module": "module.vpc",
      "mode": "managed",
      "type": "aws_route_table_association",
      "name": "private_route_association1",
      "provider": "provider.aws",
      "instances": [
        {
          "schema_version": 0,
          "attributes": {
            "id": "rtbassoc-0b4f0b774d945413f",
            "route_table_id": "rtb-014d1587d59753dce",
            "subnet_id": "subnet-0d7202ab0bee57ca2"
          },
          "private": "bnVsbA==",
          "depends_on": [
            "aws_route_table.private_route_table_1",
            "aws_subnet.private_subnet_1"
          ]
        }
      ]
    },
    {
      "module": "module.vpc",
      "mode": "managed",
      "type": "aws_route_table_association",
      "name": "private_route_association2",
      "provider": "provider.aws",
      "instances": [
        {
          "schema_version": 0,
          "attributes": {
            "id": "rtbassoc-027b2d691ff51e094",
            "route_table_id": "rtb-055046310ed291942",
            "subnet_id": "subnet-0524aa455f107190b"
          },
          "private": "bnVsbA==",
          "depends_on": [
            "aws_route_table.private_route_table_2",
            "aws_subnet.private_subnet_2"
          ]
        }
      ]
    },
    {
      "module": "module.vpc",
      "mode": "managed",
      "type": "aws_route_table_association",
      "name": "public_route_association_1",
      "provider": "provider.aws",
      "instances": [
        {
          "schema_version": 0,
          "attributes": {
            "id": "rtbassoc-0726d1ab98882af14",
            "route_table_id": "rtb-04b56b74dccb3e069",
            "subnet_id": "subnet-0c4918f108142c488"
          },
          "private": "bnVsbA==",
          "depends_on": [
            "aws_route_table.public_route_table",
            "aws_subnet.public_subnet_1"
          ]
        }
      ]
    },
    {
      "module": "module.vpc",
      "mode": "managed",
      "type": "aws_route_table_association",
      "name": "public_route_association_2",
      "provider": "provider.aws",
      "instances": [
        {
          "schema_version": 0,
          "attributes": {
            "id": "rtbassoc-0de7f1ab6b6828f6d",
            "route_table_id": "rtb-04b56b74dccb3e069",
            "subnet_id": "subnet-0bb8a396b021b93c5"
          },
          "private": "bnVsbA==",
          "depends_on": [
            "aws_route_table.public_route_table",
            "aws_subnet.public_subnet_2"
          ]
        }
      ]
    },
    {
      "module": "module.data",
      "mode": "managed",
      "type": "aws_s3_bucket",
      "name": "s3_bucket",
      "provider": "provider.aws",
      "instances": [
        {
          "schema_version": 0,
          "attributes": {
            "acceleration_status": "",
            "acl": "private",
            "arn": "arn:aws:s3:::xp-bucket-test",
            "bucket": "xp-bucket-test",
            "bucket_domain_name": "xp-bucket-test.s3.amazonaws.com",
            "bucket_prefix": null,
            "bucket_regional_domain_name": "xp-bucket-test.s3.eu-west-1.amazonaws.com",
            "cors_rule": [],
            "force_destroy": false,
            "hosted_zone_id": "Z1BKCTXD74EZPE",
            "id": "xp-bucket-test",
            "lifecycle_rule": [],
            "logging": [],
            "object_lock_configuration": [],
            "policy": null,
            "region": "eu-west-1",
            "replication_configuration": [],
            "request_payer": "BucketOwner",
            "server_side_encryption_configuration": [],
            "tags": {
              "Environment": "Production",
              "Name": "Mybucket"
            },
            "versioning": [
              {
                "enabled": false,
                "mfa_delete": false
              }
            ],
            "website": [],
            "website_domain": null,
            "website_endpoint": null
          },
          "private": "bnVsbA=="
        }
      ]
    },
    {
      "module": "module.webserver",
      "mode": "managed",
      "type": "aws_security_group",
      "name": "external_sg",
      "provider": "provider.aws",
      "instances": [
        {
          "schema_version": 1,
          "attributes": {
            "arn": "arn:aws:ec2:eu-west-1:116177369426:security-group/sg-05e93b49366e257d0",
            "description": "Allow external HTTP inbound traffic and outbound traffic to api-servers",
            "egress": [
              {
                "cidr_blocks": [
                  "0.0.0.0/0"
                ],
                "description": "",
                "from_port": 0,
                "ipv6_cidr_blocks": [],
                "prefix_list_ids": [],
                "protocol": "-1",
                "security_groups": [],
                "self": false,
                "to_port": 0
              }
            ],
            "id": "sg-05e93b49366e257d0",
            "ingress": [
              {
                "cidr_blocks": [
                  "0.0.0.0/0"
                ],
                "description": "",
                "from_port": 443,
                "ipv6_cidr_blocks": [],
                "prefix_list_ids": [],
                "protocol": "tcp",
                "security_groups": [],
                "self": false,
                "to_port": 443
              },
              {
                "cidr_blocks": [
                  "0.0.0.0/0"
                ],
                "description": "",
                "from_port": 80,
                "ipv6_cidr_blocks": [],
                "prefix_list_ids": [],
                "protocol": "tcp",
                "security_groups": [],
                "self": false,
                "to_port": 80
              }
            ],
            "name": "external_sg",
            "name_prefix": null,
            "owner_id": "116177369426",
            "revoke_rules_on_delete": false,
            "tags": null,
            "timeouts": null,
            "vpc_id": "vpc-0564551456f45caee"
          },
          "private": "eyJlMmJmYjczMC1lY2FhLTExZTYtOGY4OC0zNDM2M2JjN2M0YzAiOnsiY3JlYXRlIjo2MDAwMDAwMDAwMDAsImRlbGV0ZSI6NjAwMDAwMDAwMDAwfSwic2NoZW1hX3ZlcnNpb24iOiIxIn0="
        }
      ]
    },
    {
      "module": "module.database",
      "mode": "managed",
      "type": "aws_security_group",
      "name": "private_sg",
      "provider": "provider.aws",
      "instances": [
        {
          "schema_version": 1,
          "attributes": {
            "arn": "arn:aws:ec2:eu-west-1:116177369426:security-group/sg-06364056f20c3da7b",
            "description": "This security group will be applied to database servers",
            "egress": [
              {
                "cidr_blocks": [
                  "0.0.0.0/0"
                ],
                "description": "",
                "from_port": 0,
                "ipv6_cidr_blocks": [],
                "prefix_list_ids": [],
                "protocol": "tcp",
                "security_groups": [],
                "self": true,
                "to_port": 65535
              }
            ],
            "id": "sg-06364056f20c3da7b",
            "ingress": [
              {
                "cidr_blocks": [],
                "description": "",
                "from_port": 3306,
                "ipv6_cidr_blocks": [],
                "prefix_list_ids": [],
                "protocol": "tcp",
                "security_groups": [
                  "sg-03c34ffa3c7d2286d"
                ],
                "self": false,
                "to_port": 3306
              },
              {
                "cidr_blocks": [],
                "description": "",
                "from_port": 80,
                "ipv6_cidr_blocks": [],
                "prefix_list_ids": [],
                "protocol": "tcp",
                "security_groups": [
                  "sg-03c34ffa3c7d2286d"
                ],
                "self": false,
                "to_port": 80
              }
            ],
            "name": "private_sg",
            "name_prefix": null,
            "owner_id": "116177369426",
            "revoke_rules_on_delete": false,
            "tags": null,
            "timeouts": null,
            "vpc_id": "vpc-0564551456f45caee"
          },
          "private": "eyJlMmJmYjczMC1lY2FhLTExZTYtOGY4OC0zNDM2M2JjN2M0YzAiOnsiY3JlYXRlIjo2MDAwMDAwMDAwMDAsImRlbGV0ZSI6NjAwMDAwMDAwMDAwfSwic2NoZW1hX3ZlcnNpb24iOiIxIn0="
        }
      ]
    },
    {
      "module": "module.webserver",
      "mode": "managed",
      "type": "aws_security_group",
      "name": "public_sg",
      "provider": "provider.aws",
      "instances": [
        {
          "schema_version": 1,
          "attributes": {
            "arn": "arn:aws:ec2:eu-west-1:116177369426:security-group/sg-03c34ffa3c7d2286d",
            "description": "This will be applied to all the application servers",
            "egress": [],
            "id": "sg-03c34ffa3c7d2286d",
            "ingress": [
              {
                "cidr_blocks": [
                  "0.0.0.0/0"
                ],
                "description": "",
                "from_port": 443,
                "ipv6_cidr_blocks": [],
                "prefix_list_ids": [],
                "protocol": "tcp",
                "security_groups": [
                  "sg-05e93b49366e257d0"
                ],
                "self": false,
                "to_port": 443
              },
              {
                "cidr_blocks": [
                  "0.0.0.0/0"
                ],
                "description": "",
                "from_port": 80,
                "ipv6_cidr_blocks": [],
                "prefix_list_ids": [],
                "protocol": "tcp",
                "security_groups": [
                  "sg-05e93b49366e257d0"
                ],
                "self": false,
                "to_port": 80
              }
            ],
            "name": "public_sg",
            "name_prefix": null,
            "owner_id": "116177369426",
            "revoke_rules_on_delete": false,
            "tags": null,
            "timeouts": null,
            "vpc_id": "vpc-0564551456f45caee"
          },
          "private": "eyJlMmJmYjczMC1lY2FhLTExZTYtOGY4OC0zNDM2M2JjN2M0YzAiOnsiY3JlYXRlIjo2MDAwMDAwMDAwMDAsImRlbGV0ZSI6NjAwMDAwMDAwMDAwfSwic2NoZW1hX3ZlcnNpb24iOiIxIn0=",
          "depends_on": [
            "aws_security_group.external_sg"
          ]
        }
      ]
    },
    {
      "module": "module.webserver",
      "mode": "managed",
      "type": "aws_security_group",
      "name": "ssh_sg",
      "provider": "provider.aws",
      "instances": [
        {
          "schema_version": 1,
          "attributes": {
            "arn": "arn:aws:ec2:eu-west-1:116177369426:security-group/sg-049dde02b3125808b",
            "description": "Allow inbound SSH traffic",
            "egress": [
              {
                "cidr_blocks": [
                  "0.0.0.0/0"
                ],
                "description": "",
                "from_port": 0,
                "ipv6_cidr_blocks": [],
                "prefix_list_ids": [],
                "protocol": "-1",
                "security_groups": [],
                "self": false,
                "to_port": 0
              }
            ],
            "id": "sg-049dde02b3125808b",
            "ingress": [
              {
                "cidr_blocks": [
                  "0.0.0.0/0"
                ],
                "description": "",
                "from_port": 22,
                "ipv6_cidr_blocks": [],
                "prefix_list_ids": [],
                "protocol": "tcp",
                "security_groups": [],
                "self": false,
                "to_port": 22
              }
            ],
            "name": "ssh_sg",
            "name_prefix": null,
            "owner_id": "116177369426",
            "revoke_rules_on_delete": false,
            "tags": null,
            "timeouts": null,
            "vpc_id": "vpc-0564551456f45caee"
          },
          "private": "eyJlMmJmYjczMC1lY2FhLTExZTYtOGY4OC0zNDM2M2JjN2M0YzAiOnsiY3JlYXRlIjo2MDAwMDAwMDAwMDAsImRlbGV0ZSI6NjAwMDAwMDAwMDAwfSwic2NoZW1hX3ZlcnNpb24iOiIxIn0="
        }
      ]
    },
    {
      "module": "module.vpc",
      "mode": "managed",
      "type": "aws_subnet",
      "name": "dmz_subnet_1",
      "provider": "provider.aws",
      "instances": [
        {
          "schema_version": 1,
          "attributes": {
            "arn": "arn:aws:ec2:eu-west-1:116177369426:subnet/subnet-002f5f5bddf55386d",
            "assign_ipv6_address_on_creation": false,
            "availability_zone": "eu-west-1a",
            "availability_zone_id": "euw1-az1",
            "cidr_block": "192.168.0.0/23",
            "id": "subnet-002f5f5bddf55386d",
            "ipv6_cidr_block": "",
            "ipv6_cidr_block_association_id": "",
            "map_public_ip_on_launch": false,
            "owner_id": "116177369426",
            "tags": null,
            "timeouts": null,
            "vpc_id": "vpc-0564551456f45caee"
          },
          "private": "eyJlMmJmYjczMC1lY2FhLTExZTYtOGY4OC0zNDM2M2JjN2M0YzAiOnsiY3JlYXRlIjo2MDAwMDAwMDAwMDAsImRlbGV0ZSI6MTIwMDAwMDAwMDAwMH0sInNjaGVtYV92ZXJzaW9uIjoiMSJ9",
          "depends_on": [
            "aws_vpc.default"
          ]
        }
      ]
    },
    {
      "module": "module.vpc",
      "mode": "managed",
      "type": "aws_subnet",
      "name": "dmz_subnet_2",
      "provider": "provider.aws",
      "instances": [
        {
          "schema_version": 1,
          "attributes": {
            "arn": "arn:aws:ec2:eu-west-1:116177369426:subnet/subnet-0124aa331e25fbe00",
            "assign_ipv6_address_on_creation": false,
            "availability_zone": "eu-west-1b",
            "availability_zone_id": "euw1-az2",
            "cidr_block": "192.168.2.0/23",
            "id": "subnet-0124aa331e25fbe00",
            "ipv6_cidr_block": "",
            "ipv6_cidr_block_association_id": "",
            "map_public_ip_on_launch": false,
            "owner_id": "116177369426",
            "tags": null,
            "timeouts": null,
            "vpc_id": "vpc-0564551456f45caee"
          },
          "private": "eyJlMmJmYjczMC1lY2FhLTExZTYtOGY4OC0zNDM2M2JjN2M0YzAiOnsiY3JlYXRlIjo2MDAwMDAwMDAwMDAsImRlbGV0ZSI6MTIwMDAwMDAwMDAwMH0sInNjaGVtYV92ZXJzaW9uIjoiMSJ9",
          "depends_on": [
            "aws_vpc.default"
          ]
        }
      ]
    },
    {
      "module": "module.vpc",
      "mode": "managed",
      "type": "aws_subnet",
      "name": "private_subnet_1",
      "provider": "provider.aws",
      "instances": [
        {
          "schema_version": 1,
          "attributes": {
            "arn": "arn:aws:ec2:eu-west-1:116177369426:subnet/subnet-0d7202ab0bee57ca2",
            "assign_ipv6_address_on_creation": false,
            "availability_zone": "eu-west-1a",
            "availability_zone_id": "euw1-az1",
            "cidr_block": "192.168.8.0/23",
            "id": "subnet-0d7202ab0bee57ca2",
            "ipv6_cidr_block": "",
            "ipv6_cidr_block_association_id": "",
            "map_public_ip_on_launch": false,
            "owner_id": "116177369426",
            "tags": null,
            "timeouts": null,
            "vpc_id": "vpc-0564551456f45caee"
          },
          "private": "eyJlMmJmYjczMC1lY2FhLTExZTYtOGY4OC0zNDM2M2JjN2M0YzAiOnsiY3JlYXRlIjo2MDAwMDAwMDAwMDAsImRlbGV0ZSI6MTIwMDAwMDAwMDAwMH0sInNjaGVtYV92ZXJzaW9uIjoiMSJ9",
          "depends_on": [
            "aws_vpc.default"
          ]
        }
      ]
    },
    {
      "module": "module.vpc",
      "mode": "managed",
      "type": "aws_subnet",
      "name": "private_subnet_2",
      "provider": "provider.aws",
      "instances": [
        {
          "schema_version": 1,
          "attributes": {
            "arn": "arn:aws:ec2:eu-west-1:116177369426:subnet/subnet-0524aa455f107190b",
            "assign_ipv6_address_on_creation": false,
            "availability_zone": "eu-west-1b",
            "availability_zone_id": "euw1-az2",
            "cidr_block": "192.168.10.0/23",
            "id": "subnet-0524aa455f107190b",
            "ipv6_cidr_block": "",
            "ipv6_cidr_block_association_id": "",
            "map_public_ip_on_launch": false,
            "owner_id": "116177369426",
            "tags": null,
            "timeouts": null,
            "vpc_id": "vpc-0564551456f45caee"
          },
          "private": "eyJlMmJmYjczMC1lY2FhLTExZTYtOGY4OC0zNDM2M2JjN2M0YzAiOnsiY3JlYXRlIjo2MDAwMDAwMDAwMDAsImRlbGV0ZSI6MTIwMDAwMDAwMDAwMH0sInNjaGVtYV92ZXJzaW9uIjoiMSJ9",
          "depends_on": [
            "aws_vpc.default"
          ]
        }
      ]
    },
    {
      "module": "module.vpc",
      "mode": "managed",
      "type": "aws_subnet",
      "name": "public_subnet_1",
      "provider": "provider.aws",
      "instances": [
        {
          "schema_version": 1,
          "attributes": {
            "arn": "arn:aws:ec2:eu-west-1:116177369426:subnet/subnet-0c4918f108142c488",
            "assign_ipv6_address_on_creation": false,
            "availability_zone": "eu-west-1a",
            "availability_zone_id": "euw1-az1",
            "cidr_block": "192.168.4.0/23",
            "id": "subnet-0c4918f108142c488",
            "ipv6_cidr_block": "",
            "ipv6_cidr_block_association_id": "",
            "map_public_ip_on_launch": true,
            "owner_id": "116177369426",
            "tags": null,
            "timeouts": null,
            "vpc_id": "vpc-0564551456f45caee"
          },
          "private": "eyJlMmJmYjczMC1lY2FhLTExZTYtOGY4OC0zNDM2M2JjN2M0YzAiOnsiY3JlYXRlIjo2MDAwMDAwMDAwMDAsImRlbGV0ZSI6MTIwMDAwMDAwMDAwMH0sInNjaGVtYV92ZXJzaW9uIjoiMSJ9",
          "depends_on": [
            "aws_vpc.default"
          ]
        }
      ]
    },
    {
      "module": "module.vpc",
      "mode": "managed",
      "type": "aws_subnet",
      "name": "public_subnet_2",
      "provider": "provider.aws",
      "instances": [
        {
          "schema_version": 1,
          "attributes": {
            "arn": "arn:aws:ec2:eu-west-1:116177369426:subnet/subnet-0bb8a396b021b93c5",
            "assign_ipv6_address_on_creation": false,
            "availability_zone": "eu-west-1b",
            "availability_zone_id": "euw1-az2",
            "cidr_block": "192.168.6.0/23",
            "id": "subnet-0bb8a396b021b93c5",
            "ipv6_cidr_block": "",
            "ipv6_cidr_block_association_id": "",
            "map_public_ip_on_launch": true,
            "owner_id": "116177369426",
            "tags": null,
            "timeouts": null,
            "vpc_id": "vpc-0564551456f45caee"
          },
          "private": "eyJlMmJmYjczMC1lY2FhLTExZTYtOGY4OC0zNDM2M2JjN2M0YzAiOnsiY3JlYXRlIjo2MDAwMDAwMDAwMDAsImRlbGV0ZSI6MTIwMDAwMDAwMDAwMH0sInNjaGVtYV92ZXJzaW9uIjoiMSJ9",
          "depends_on": [
            "aws_vpc.default"
          ]
        }
      ]
    },
    {
      "module": "module.vpc",
      "mode": "managed",
      "type": "aws_vpc",
      "name": "default",
      "provider": "provider.aws",
      "instances": [
        {
          "schema_version": 1,
          "attributes": {
            "arn": "arn:aws:ec2:eu-west-1:116177369426:vpc/vpc-0564551456f45caee",
            "assign_generated_ipv6_cidr_block": false,
            "cidr_block": "192.168.0.0/19",
            "default_network_acl_id": "acl-0b79aa038476d1b2f",
            "default_route_table_id": "rtb-072da0ca3c3733e76",
            "default_security_group_id": "sg-045f251d434073d4d",
            "dhcp_options_id": "dopt-dce8afba",
            "enable_classiclink": false,
            "enable_classiclink_dns_support": false,
            "enable_dns_hostnames": false,
            "enable_dns_support": true,
            "id": "vpc-0564551456f45caee",
            "instance_tenancy": "default",
            "ipv6_association_id": "",
            "ipv6_cidr_block": "",
            "main_route_table_id": "rtb-072da0ca3c3733e76",
            "owner_id": "116177369426",
            "tags": null
          },
          "private": "eyJzY2hlbWFfdmVyc2lvbiI6IjEifQ=="
        }
      ]
    }
  ]
}
