{
  "version": 4,
  "terraform_version": "0.12.7",
  "serial": 1980,
  "lineage": "bdf9b23b-5ba7-2145-c6fd-326e68768737",
  "outputs": {},
  "resources": [
    {
      "module": "module.database",
      "mode": "managed",
      "type": "aws_db_subnet_group",
      "name": "private_db_subnet_group",
      "provider": "provider.aws",
      "instances": [
        {
          "schema_version": 0,
          "attributes": {
            "arn": "arn:aws:rds:eu-west-1:116177369426:subgrp:db_private_subnet_group",
            "description": "Managed by Terraform",
            "id": "db_private_subnet_group",
            "name": "db_private_subnet_group",
            "name_prefix": null,
            "subnet_ids": [
              "subnet-07980d4cf1d14dea6",
              "subnet-084822b9cc45c2950"
            ],
            "tags": {
              "Name": "My DB subnet group"
            }
          }
        }
      ]
    },
    {
      "module": "module.database",
      "mode": "managed",
      "type": "aws_rds_cluster_instance",
      "name": "db_istances",
      "each": "list",
      "provider": "provider.aws",
      "instances": []
    },
    {
      "module": "module.vpc",
      "mode": "managed",
      "type": "aws_subnet",
      "name": "private_subnet_1",
      "provider": "provider.aws",
      "instances": [
        {
          "schema_version": 1,
          "attributes": {
            "arn": "arn:aws:ec2:eu-west-1:116177369426:subnet/subnet-07980d4cf1d14dea6",
            "assign_ipv6_address_on_creation": false,
            "availability_zone": "eu-west-1a",
            "availability_zone_id": "euw1-az1",
            "cidr_block": "192.168.8.0/23",
            "id": "subnet-07980d4cf1d14dea6",
            "ipv6_cidr_block": "",
            "ipv6_cidr_block_association_id": "",
            "map_public_ip_on_launch": false,
            "owner_id": "116177369426",
            "tags": {},
            "timeouts": null,
            "vpc_id": "vpc-02680f907944b34a1"
          },
          "private": "eyJlMmJmYjczMC1lY2FhLTExZTYtOGY4OC0zNDM2M2JjN2M0YzAiOnsiY3JlYXRlIjo2MDAwMDAwMDAwMDAsImRlbGV0ZSI6MTIwMDAwMDAwMDAwMH0sInNjaGVtYV92ZXJzaW9uIjoiMSJ9",
          "depends_on": [
            "aws_vpc.default"
          ]
        }
      ]
    },
    {
      "module": "module.vpc",
      "mode": "managed",
      "type": "aws_subnet",
      "name": "private_subnet_2",
      "provider": "provider.aws",
      "instances": [
        {
          "schema_version": 1,
          "attributes": {
            "arn": "arn:aws:ec2:eu-west-1:116177369426:subnet/subnet-084822b9cc45c2950",
            "assign_ipv6_address_on_creation": false,
            "availability_zone": "eu-west-1b",
            "availability_zone_id": "euw1-az2",
            "cidr_block": "192.168.10.0/23",
            "id": "subnet-084822b9cc45c2950",
            "ipv6_cidr_block": "",
            "ipv6_cidr_block_association_id": "",
            "map_public_ip_on_launch": false,
            "owner_id": "116177369426",
            "tags": {},
            "timeouts": null,
            "vpc_id": "vpc-02680f907944b34a1"
          },
          "private": "eyJlMmJmYjczMC1lY2FhLTExZTYtOGY4OC0zNDM2M2JjN2M0YzAiOnsiY3JlYXRlIjo2MDAwMDAwMDAwMDAsImRlbGV0ZSI6MTIwMDAwMDAwMDAwMH0sInNjaGVtYV92ZXJzaW9uIjoiMSJ9",
          "depends_on": [
            "aws_vpc.default"
          ]
        }
      ]
    },
    {
      "module": "module.vpc",
      "mode": "managed",
      "type": "aws_vpc",
      "name": "default",
      "provider": "provider.aws",
      "instances": [
        {
          "schema_version": 1,
          "attributes": {
            "arn": "arn:aws:ec2:eu-west-1:116177369426:vpc/vpc-02680f907944b34a1",
            "assign_generated_ipv6_cidr_block": false,
            "cidr_block": "192.168.0.0/19",
            "default_network_acl_id": "acl-04d7231a2c4a1d81d",
            "default_route_table_id": "rtb-088e006779fbf174e",
            "default_security_group_id": "sg-08a574ee4432303e5",
            "dhcp_options_id": "dopt-dce8afba",
            "enable_classiclink": false,
            "enable_classiclink_dns_support": false,
            "enable_dns_hostnames": false,
            "enable_dns_support": true,
            "id": "vpc-02680f907944b34a1",
            "instance_tenancy": "default",
            "ipv6_association_id": "",
            "ipv6_cidr_block": "",
            "main_route_table_id": "rtb-088e006779fbf174e",
            "owner_id": "116177369426",
            "tags": {}
          },
          "private": "eyJzY2hlbWFfdmVyc2lvbiI6IjEifQ=="
        }
      ]
    }
  ]
}
