{
  "version": 4,
  "terraform_version": "0.12.7",
  "serial": 2821,
  "lineage": "bdf9b23b-5ba7-2145-c6fd-326e68768737",
  "outputs": {},
  "resources": [
    {
      "module": "module.data",
      "mode": "data",
      "type": "aws_iam_policy_document",
      "name": "s3_full_access",
      "provider": "provider.aws",
      "instances": [
        {
          "schema_version": 0,
          "attributes": {
            "id": "352657328",
            "json": "{\n  \"Version\": \"2012-10-17\",\n  \"Statement\": [\n    {\n      \"Sid\": \"\",\n      \"Effect\": \"Allow\",\n      \"Action\": \"s3:*\",\n      \"Resource\": [\n        \"arn:aws:s3:::xp-bucket-test/*\",\n        \"arn:aws:s3:::xp-bucket-test\"\n      ]\n    }\n  ]\n}",
            "override_json": null,
            "policy_id": null,
            "source_json": null,
            "statement": [
              {
                "actions": [
                  "s3:*"
                ],
                "condition": [],
                "effect": "Allow",
                "not_actions": [],
                "not_principals": [],
                "not_resources": [],
                "principals": [],
                "resources": [
                  "arn:aws:s3:::xp-bucket-test",
                  "arn:aws:s3:::xp-bucket-test/*"
                ],
                "sid": ""
              }
            ],
            "version": "2012-10-17"
          },
          "depends_on": [
            "aws_s3_bucket.s3_bucket"
          ]
        }
      ]
    },
    {
      "module": "module.webserver",
      "mode": "data",
      "type": "template_file",
      "name": "userdata_webserver",
      "provider": "provider.template",
      "instances": [
        {
          "schema_version": 0,
          "attributes": {
            "filename": null,
            "id": "4afd8e4a73fdc76cebdbd77cefb9a9de316509882063af5427cce8bec449bd3b",
            "rendered": "#!/bin/bash\nsudo su -\nyum update -y\nsudo amazon-linux-extras install epel\nyum install httpd php php-mcrypt.x86_64 php-mysql php-xml php-xmlrpc php-soap mod_ssl php-gd logrotate mysql -y\naws s3 cp s3://xp-bucket-test/webserver_bucket/html.tar.gz /var/www/html\naws s3 cp s3://xp-bucket-test/webserver_bucket/joomla.sql /var/www/\n#aws s3 cp s3://xp-bucket-test/webserver_bucket/Joomla_3.9.11-Stable-Full_Package.tar.gz /var/www/html\naws s3 cp s3://xp-bucket-test/webserver_bucket/selfsign_crt/ca.crt /etc/pki/tls/certs\naws s3 cp s3://xp-bucket-test/webserver_bucket/selfsign_crt/ca.key /etc/pki/tls/private\naws s3 cp s3://xp-bucket-test/webserver_bucket/selfsign_crt/ca.csr /etc/pki/tls/private\naws s3 cp s3://xp-bucket-test/webserver_bucket/selfsign_crt/ssl.conf /etc/httpd/conf.d\ncd /var/www/html/\ntar -xzvf html.tar.gz\nmv html/* .\nrm -rf html.tar.gz html\nsed -i 's/_DATABASE_HOST_/'aurora-cluster-joomla.cluster-cntggvxcnzd7.eu-west-1.rds.amazonaws.com'/g' configuration.php\nsed -i 's/_USER_/'admin'/g' configuration.php\nsed -i 's/_PASSWORD_/'adminadmin'/g' configuration.php\nsed -i 's/_EMAIL_/'tiziano_94@hotmail.it'/g' configuration.php\nsed -i 's/_SITE_NAME_/'cms-kata'/g' configuration.php\nsed -i 's/_DB_NAME_/'joomla'/g' configuration.php\ncd /var/www/\nmysql --user=admin --host=aurora-cluster-joomla.cluster-cntggvxcnzd7.eu-west-1.rds.amazonaws.com --password=adminadmin\ndrop database joomla;\ncreate database joomla character set utf8 collate utf8_general_ci;\nuse joomla\nsource joomla.sql\nchown -R apache:apache  /var/www/html/\nsystemctl restart httpd\nsystemctl enable httpd.service\n\n",
            "template": "#!/bin/bash\nsudo su -\nyum update -y\nsudo amazon-linux-extras install epel\nyum install httpd php php-mcrypt.x86_64 php-mysql php-xml php-xmlrpc php-soap mod_ssl php-gd logrotate mysql -y\naws s3 cp s3://xp-bucket-test/webserver_bucket/html.tar.gz /var/www/html\naws s3 cp s3://xp-bucket-test/webserver_bucket/joomla.sql /var/www/\n#aws s3 cp s3://xp-bucket-test/webserver_bucket/Joomla_3.9.11-Stable-Full_Package.tar.gz /var/www/html\naws s3 cp s3://xp-bucket-test/webserver_bucket/selfsign_crt/ca.crt /etc/pki/tls/certs\naws s3 cp s3://xp-bucket-test/webserver_bucket/selfsign_crt/ca.key /etc/pki/tls/private\naws s3 cp s3://xp-bucket-test/webserver_bucket/selfsign_crt/ca.csr /etc/pki/tls/private\naws s3 cp s3://xp-bucket-test/webserver_bucket/selfsign_crt/ssl.conf /etc/httpd/conf.d\ncd /var/www/html/\ntar -xzvf html.tar.gz\nmv html/* .\nrm -rf html.tar.gz html\nsed -i 's/_DATABASE_HOST_/'${db_endpoint}'/g' configuration.php\nsed -i 's/_USER_/'${db_admin}'/g' configuration.php\nsed -i 's/_PASSWORD_/'${db_passwd}'/g' configuration.php\nsed -i 's/_EMAIL_/'${jml_mail}'/g' configuration.php\nsed -i 's/_SITE_NAME_/'${site_name}'/g' configuration.php\nsed -i 's/_DB_NAME_/'${db_name}'/g' configuration.php\ncd /var/www/\nmysql --user=${db_admin} --host=${db_endpoint} --password=${db_passwd}\ndrop database joomla;\ncreate database joomla character set utf8 collate utf8_general_ci;\nuse joomla\nsource joomla.sql\nchown -R apache:apache  /var/www/html/\nsystemctl restart httpd\nsystemctl enable httpd.service\n\n",
            "vars": {
              "db_admin": "admin",
              "db_endpoint": "aurora-cluster-joomla.cluster-cntggvxcnzd7.eu-west-1.rds.amazonaws.com",
              "db_name": "joomla",
              "db_passwd": "adminadmin",
              "jml_mail": "tiziano_94@hotmail.it",
              "site_name": "cms-kata"
            }
          }
        }
      ]
    },
    {
      "module": "module.webserver",
      "mode": "managed",
      "type": "aws_acm_certificate",
      "name": "cert",
      "provider": "provider.aws",
      "instances": [
        {
          "schema_version": 0,
          "attributes": {
            "arn": "arn:aws:acm:eu-west-1:116177369426:certificate/d2031d1c-2b3a-45b3-ad96-ced22bb1939c",
            "certificate_authority_arn": "",
            "certificate_body": "9adb4e461a59dcdc7d10bea3bc5b29401aa66bb7",
            "certificate_chain": null,
            "domain_name": "cms-kata.com",
            "domain_validation_options": [],
            "id": "arn:aws:acm:eu-west-1:116177369426:certificate/d2031d1c-2b3a-45b3-ad96-ced22bb1939c",
            "options": [
              {
                "certificate_transparency_logging_preference": "DISABLED"
              }
            ],
            "private_key": "d8bc44c1c91e936f40391a5fa7222483aff0c7c3",
            "subject_alternative_names": [],
            "tags": null,
            "validation_emails": [],
            "validation_method": "NONE"
          },
          "private": "bnVsbA==",
          "depends_on": [
            "tls_private_key.ca_key",
            "tls_self_signed_cert.ca_crt"
          ]
        }
      ]
    },
    {
      "module": "module.webserver",
      "mode": "managed",
      "type": "aws_autoscaling_group",
      "name": "ec2_asg",
      "provider": "provider.aws",
      "instances": [
        {
          "schema_version": 0,
          "attributes": {
            "arn": "arn:aws:autoscaling:eu-west-1:116177369426:autoScalingGroup:7d8801df-d5c4-42e5-81ff-9960f6c87d95:autoScalingGroupName/tf-asg-20190908224832122400000002",
            "availability_zones": [
              "eu-west-1a",
              "eu-west-1b"
            ],
            "default_cooldown": 300,
            "desired_capacity": 2,
            "enabled_metrics": null,
            "force_delete": false,
            "health_check_grace_period": 300,
            "health_check_type": "EC2",
            "id": "tf-asg-20190908224832122400000002",
            "initial_lifecycle_hook": [],
            "launch_configuration": "ec2_webserver",
            "launch_template": [],
            "load_balancers": [],
            "max_size": 4,
            "metrics_granularity": "1Minute",
            "min_elb_capacity": null,
            "min_size": 2,
            "mixed_instances_policy": [],
            "name": "tf-asg-20190908224832122400000002",
            "name_prefix": null,
            "placement_group": "",
            "protect_from_scale_in": false,
            "service_linked_role_arn": "arn:aws:iam::116177369426:role/aws-service-role/autoscaling.amazonaws.com/AWSServiceRoleForAutoScaling",
            "suspended_processes": null,
            "tag": [],
            "tags": null,
            "target_group_arns": [
              "arn:aws:elasticloadbalancing:eu-west-1:116177369426:targetgroup/tg-loadbalancer-prod/11d194746b8644ce"
            ],
            "termination_policies": null,
            "timeouts": null,
            "vpc_zone_identifier": [
              "subnet-0886a957193bcd59a",
              "subnet-0b05f81f163b0009f"
            ],
            "wait_for_capacity_timeout": "10m",
            "wait_for_elb_capacity": null
          },
          "private": "eyJlMmJmYjczMC1lY2FhLTExZTYtOGY4OC0zNDM2M2JjN2M0YzAiOnsiZGVsZXRlIjo2MDAwMDAwMDAwMDB9fQ==",
          "depends_on": [
            "aws_launch_configuration.ec2_webserver",
            "aws_lb_target_group.lb_targetgroup"
          ]
        }
      ]
    },
    {
      "module": "module.webserver",
      "mode": "managed",
      "type": "aws_autoscaling_policy",
      "name": "scale_down",
      "provider": "provider.aws",
      "instances": [
        {
          "schema_version": 0,
          "attributes": {
            "adjustment_type": "ChangeInCapacity",
            "arn": "arn:aws:autoscaling:eu-west-1:116177369426:scalingPolicy:a658e77f-1970-4ba4-bea5-c9bcbff64f2a:autoScalingGroupName/tf-asg-20190908224832122400000002:policyName/autoscaling_down_ec2_instance",
            "autoscaling_group_name": "tf-asg-20190908224832122400000002",
            "cooldown": 300,
            "estimated_instance_warmup": 0,
            "id": "autoscaling_down_ec2_instance",
            "metric_aggregation_type": "",
            "min_adjustment_magnitude": null,
            "min_adjustment_step": null,
            "name": "autoscaling_down_ec2_instance",
            "policy_type": "SimpleScaling",
            "scaling_adjustment": 1,
            "step_adjustment": [],
            "target_tracking_configuration": []
          },
          "private": "bnVsbA==",
          "depends_on": [
            "aws_autoscaling_group.ec2_asg"
          ]
        }
      ]
    },
    {
      "module": "module.webserver",
      "mode": "managed",
      "type": "aws_autoscaling_policy",
      "name": "scale_up",
      "provider": "provider.aws",
      "instances": [
        {
          "schema_version": 0,
          "attributes": {
            "adjustment_type": "ChangeInCapacity",
            "arn": "arn:aws:autoscaling:eu-west-1:116177369426:scalingPolicy:ee9b2fcd-ac28-4e18-b49b-3c8179664580:autoScalingGroupName/tf-asg-20190908224832122400000002:policyName/autoscaling_up_ec2_instance",
            "autoscaling_group_name": "tf-asg-20190908224832122400000002",
            "cooldown": 300,
            "estimated_instance_warmup": 0,
            "id": "autoscaling_up_ec2_instance",
            "metric_aggregation_type": "",
            "min_adjustment_magnitude": null,
            "min_adjustment_step": null,
            "name": "autoscaling_up_ec2_instance",
            "policy_type": "SimpleScaling",
            "scaling_adjustment": 1,
            "step_adjustment": [],
            "target_tracking_configuration": []
          },
          "private": "bnVsbA==",
          "depends_on": [
            "aws_autoscaling_group.ec2_asg"
          ]
        }
      ]
    },
    {
      "module": "module.webserver",
      "mode": "managed",
      "type": "aws_cloudwatch_metric_alarm",
      "name": "high_cpu_utilization",
      "provider": "provider.aws",
      "instances": [
        {
          "schema_version": 1,
          "attributes": {
            "actions_enabled": true,
            "alarm_actions": [
              "arn:aws:autoscaling:eu-west-1:116177369426:scalingPolicy:ee9b2fcd-ac28-4e18-b49b-3c8179664580:autoScalingGroupName/tf-asg-20190908224832122400000002:policyName/autoscaling_up_ec2_instance"
            ],
            "alarm_description": "This metric monitor joomla webserver high CPU utilization",
            "alarm_name": "joomla_scale_up",
            "arn": "arn:aws:cloudwatch:eu-west-1:116177369426:alarm:joomla_scale_up",
            "comparison_operator": "GreaterThanOrEqualToThreshold",
            "datapoints_to_alarm": 0,
            "dimensions": {
              "AutoScalingGroupName": "tg-loadbalancer-prod"
            },
            "evaluate_low_sample_count_percentiles": "",
            "evaluation_periods": 2,
            "extended_statistic": "",
            "id": "joomla_scale_up",
            "insufficient_data_actions": null,
            "metric_name": "CPU_Utilization",
            "metric_query": [],
            "namespace": "AWS/EC2",
            "ok_actions": null,
            "period": 120,
            "statistic": "Average",
            "tags": null,
            "threshold": 80,
            "treat_missing_data": "missing",
            "unit": ""
          },
          "private": "eyJzY2hlbWFfdmVyc2lvbiI6IjEifQ==",
          "depends_on": [
            "aws_autoscaling_policy.scale_up",
            "aws_lb_target_group.lb_targetgroup"
          ]
        }
      ]
    },
    {
      "module": "module.webserver",
      "mode": "managed",
      "type": "aws_cloudwatch_metric_alarm",
      "name": "http_error_request",
      "provider": "provider.aws",
      "instances": [
        {
          "schema_version": 1,
          "attributes": {
            "actions_enabled": true,
            "alarm_actions": null,
            "alarm_description": "Request error rate has exceeded 10%",
            "alarm_name": "4xx_request",
            "arn": "arn:aws:cloudwatch:eu-west-1:116177369426:alarm:4xx_request",
            "comparison_operator": "GreaterThanOrEqualToThreshold",
            "datapoints_to_alarm": 0,
            "dimensions": null,
            "evaluate_low_sample_count_percentiles": "",
            "evaluation_periods": 2,
            "extended_statistic": "",
            "id": "4xx_request",
            "insufficient_data_actions": null,
            "metric_name": "",
            "metric_query": [
              {
                "expression": "",
                "id": "m1",
                "label": "",
                "metric": [
                  {
                    "dimensions": {
                      "LoadBalancer": "app/jml-alb/73444035a7abb9f6"
                    },
                    "metric_name": "RequestCount",
                    "namespace": "AWS/ApplicationELB",
                    "period": 120,
                    "stat": "Sum",
                    "unit": "Count"
                  }
                ],
                "return_data": false
              },
              {
                "expression": "",
                "id": "m2",
                "label": "",
                "metric": [
                  {
                    "dimensions": {
                      "LoadBalancer": "app/jml-alb/73444035a7abb9f6"
                    },
                    "metric_name": "HTTPCode_ELB_4XX_Count",
                    "namespace": "AWS/ApplicationELB",
                    "period": 120,
                    "stat": "Sum",
                    "unit": "Count"
                  }
                ],
                "return_data": false
              },
              {
                "expression": "m2/m1*100",
                "id": "e1",
                "label": "Error Rate",
                "metric": [],
                "return_data": true
              }
            ],
            "namespace": "",
            "ok_actions": null,
            "period": 0,
            "statistic": "",
            "tags": null,
            "threshold": 10,
            "treat_missing_data": "missing",
            "unit": ""
          },
          "private": "eyJzY2hlbWFfdmVyc2lvbiI6IjEifQ==",
          "depends_on": [
            "aws_lb.loadbalancer"
          ]
        }
      ]
    },
    {
      "module": "module.webserver",
      "mode": "managed",
      "type": "aws_cloudwatch_metric_alarm",
      "name": "low_cpu_utilization",
      "provider": "provider.aws",
      "instances": [
        {
          "schema_version": 1,
          "attributes": {
            "actions_enabled": true,
            "alarm_actions": [
              "arn:aws:autoscaling:eu-west-1:116177369426:scalingPolicy:a658e77f-1970-4ba4-bea5-c9bcbff64f2a:autoScalingGroupName/tf-asg-20190908224832122400000002:policyName/autoscaling_down_ec2_instance"
            ],
            "alarm_description": "This metric monitor joomla webserver low CPU utilization",
            "alarm_name": "joomla_scale_down",
            "arn": "arn:aws:cloudwatch:eu-west-1:116177369426:alarm:joomla_scale_down",
            "comparison_operator": "LessThanOrEqualToThreshold",
            "datapoints_to_alarm": 0,
            "dimensions": {
              "AutoScalingGroupName": "tf-asg-20190908224832122400000002"
            },
            "evaluate_low_sample_count_percentiles": "",
            "evaluation_periods": 2,
            "extended_statistic": "",
            "id": "joomla_scale_down",
            "insufficient_data_actions": null,
            "metric_name": "CPU_Utilization",
            "metric_query": [],
            "namespace": "AWS/EC2",
            "ok_actions": null,
            "period": 120,
            "statistic": "Average",
            "tags": null,
            "threshold": 20,
            "treat_missing_data": "missing",
            "unit": ""
          },
          "private": "eyJzY2hlbWFfdmVyc2lvbiI6IjEifQ==",
          "depends_on": [
            "aws_autoscaling_group.ec2_asg",
            "aws_autoscaling_policy.scale_down"
          ]
        }
      ]
    },
    {
      "module": "module.database",
      "mode": "managed",
      "type": "aws_db_subnet_group",
      "name": "private_db_subnet_group",
      "provider": "provider.aws",
      "instances": [
        {
          "schema_version": 0,
          "attributes": {
            "arn": "arn:aws:rds:eu-west-1:116177369426:subgrp:db_private_subnet_group",
            "description": "Managed by Terraform",
            "id": "db_private_subnet_group",
            "name": "db_private_subnet_group",
            "name_prefix": null,
            "subnet_ids": [
              "subnet-0238e9c78aa40814a",
              "subnet-0814ec73709e12859"
            ],
            "tags": {
              "Name": "My DB subnet group"
            }
          },
          "private": "bnVsbA=="
        }
      ]
    },
    {
      "module": "module.vpc",
      "mode": "managed",
      "type": "aws_eip",
      "name": "nat_ip_1",
      "provider": "provider.aws",
      "instances": [
        {
          "schema_version": 0,
          "attributes": {
            "allocation_id": null,
            "associate_with_private_ip": null,
            "association_id": "",
            "domain": "vpc",
            "id": "eipalloc-0bac184493661d803",
            "instance": "",
            "network_interface": "",
            "private_dns": null,
            "private_ip": "",
            "public_dns": "ec2-18-200-181-205.eu-west-1.compute.amazonaws.com",
            "public_ip": "18.200.181.205",
            "public_ipv4_pool": "amazon",
            "tags": null,
            "timeouts": null,
            "vpc": true
          },
          "private": "eyJlMmJmYjczMC1lY2FhLTExZTYtOGY4OC0zNDM2M2JjN2M0YzAiOnsiZGVsZXRlIjoxODAwMDAwMDAwMDAsInJlYWQiOjkwMDAwMDAwMDAwMCwidXBkYXRlIjozMDAwMDAwMDAwMDB9fQ=="
        }
      ]
    },
    {
      "module": "module.vpc",
      "mode": "managed",
      "type": "aws_eip",
      "name": "nat_ip_2",
      "provider": "provider.aws",
      "instances": [
        {
          "schema_version": 0,
          "attributes": {
            "allocation_id": null,
            "associate_with_private_ip": null,
            "association_id": "",
            "domain": "vpc",
            "id": "eipalloc-021a717125bf10002",
            "instance": "",
            "network_interface": "",
            "private_dns": null,
            "private_ip": "",
            "public_dns": "ec2-63-32-219-230.eu-west-1.compute.amazonaws.com",
            "public_ip": "63.32.219.230",
            "public_ipv4_pool": "amazon",
            "tags": null,
            "timeouts": null,
            "vpc": true
          },
          "private": "eyJlMmJmYjczMC1lY2FhLTExZTYtOGY4OC0zNDM2M2JjN2M0YzAiOnsiZGVsZXRlIjoxODAwMDAwMDAwMDAsInJlYWQiOjkwMDAwMDAwMDAwMCwidXBkYXRlIjozMDAwMDAwMDAwMDB9fQ=="
        }
      ]
    },
    {
      "module": "module.webserver",
      "mode": "managed",
      "type": "aws_iam_instance_profile",
      "name": "instance",
      "provider": "provider.aws",
      "instances": [
        {
          "schema_version": 0,
          "attributes": {
            "arn": "arn:aws:iam::116177369426:instance-profile/instance_launcher",
            "create_date": "2019-09-08T22:47:19Z",
            "id": "instance_launcher",
            "name": "instance_launcher",
            "name_prefix": null,
            "path": "/",
            "role": "instance_role",
            "roles": [],
            "unique_id": "AIPARWDFV7FJJTT4LRUWF"
          },
          "private": "bnVsbA==",
          "depends_on": [
            "aws_iam_role.instance"
          ]
        }
      ]
    },
    {
      "module": "module.data",
      "mode": "managed",
      "type": "aws_iam_policy",
      "name": "s3_full_access",
      "provider": "provider.aws",
      "instances": [
        {
          "schema_version": 0,
          "attributes": {
            "arn": "arn:aws:iam::116177369426:policy/s3_read_access",
            "description": "",
            "id": "arn:aws:iam::116177369426:policy/s3_read_access",
            "name": "s3_read_access",
            "name_prefix": null,
            "path": "/",
            "policy": "{\n  \"Version\": \"2012-10-17\",\n  \"Statement\": [\n    {\n      \"Sid\": \"\",\n      \"Effect\": \"Allow\",\n      \"Action\": \"s3:*\",\n      \"Resource\": [\n        \"arn:aws:s3:::xp-bucket-test/*\",\n        \"arn:aws:s3:::xp-bucket-test\"\n      ]\n    }\n  ]\n}"
          },
          "private": "bnVsbA==",
          "depends_on": [
            "data.aws_iam_policy_document.s3_full_access"
          ]
        }
      ]
    },
    {
      "module": "module.webserver",
      "mode": "managed",
      "type": "aws_iam_role",
      "name": "instance",
      "provider": "provider.aws",
      "instances": [
        {
          "schema_version": 0,
          "attributes": {
            "arn": "arn:aws:iam::116177369426:role/instance_role",
            "assume_role_policy": "{\"Version\":\"2012-10-17\",\"Statement\":[{\"Sid\":\"\",\"Effect\":\"Allow\",\"Principal\":{\"Service\":\"ec2.amazonaws.com\"},\"Action\":\"sts:AssumeRole\"}]}",
            "create_date": "2019-09-08T22:47:18Z",
            "description": "",
            "force_detach_policies": false,
            "id": "instance_role",
            "max_session_duration": 3600,
            "name": "instance_role",
            "name_prefix": null,
            "path": "/",
            "permissions_boundary": null,
            "tags": null,
            "unique_id": "AROARWDFV7FJLJSJ4IQDV"
          },
          "private": "bnVsbA=="
        }
      ]
    },
    {
      "module": "module.webserver",
      "mode": "managed",
      "type": "aws_iam_role_policy_attachment",
      "name": "s3_full_access",
      "provider": "provider.aws",
      "instances": [
        {
          "schema_version": 0,
          "attributes": {
            "id": "instance_role-20190908224736227100000001",
            "policy_arn": "arn:aws:iam::116177369426:policy/s3_read_access",
            "role": "instance_role"
          },
          "private": "bnVsbA==",
          "depends_on": [
            "aws_iam_role.instance"
          ]
        }
      ]
    },
    {
      "module": "module.vpc",
      "mode": "managed",
      "type": "aws_internet_gateway",
      "name": "gateway",
      "provider": "provider.aws",
      "instances": [
        {
          "schema_version": 0,
          "attributes": {
            "id": "igw-0bacab207e86d848e",
            "owner_id": "116177369426",
            "tags": {
              "key": "Name",
              "propagate_at_launch": "true",
              "value": "test"
            },
            "vpc_id": "vpc-09716cb392f492436"
          },
          "private": "bnVsbA==",
          "depends_on": [
            "aws_vpc.default"
          ]
        }
      ]
    },
    {
      "module": "module.webserver",
      "mode": "managed",
      "type": "aws_launch_configuration",
      "name": "ec2_webserver",
      "provider": "provider.aws",
      "instances": [
        {
          "schema_version": 0,
          "attributes": {
            "associate_public_ip_address": false,
            "ebs_block_device": [],
            "ebs_optimized": false,
            "enable_monitoring": true,
            "ephemeral_block_device": [],
            "iam_instance_profile": "instance_launcher",
            "id": "ec2_webserver",
            "image_id": "ami-0ce71448843cb18a1",
            "instance_type": "t2.micro",
            "key_name": "macbook",
            "name": "ec2_webserver",
            "name_prefix": null,
            "placement_tenancy": null,
            "root_block_device": [],
            "security_groups": [
              "sg-04068538db24124a7",
              "sg-089a76d2e200266c0"
            ],
            "spot_price": "",
            "user_data": "691618e320eb33bdd99ecd2812adce87475756db",
            "user_data_base64": null,
            "vpc_classic_link_id": "",
            "vpc_classic_link_security_groups": null
          },
          "private": "bnVsbA==",
          "depends_on": [
            "aws_iam_instance_profile.instance",
            "aws_security_group.public_sg",
            "aws_security_group.ssh_sg",
            "data.template_file.userdata_webserver"
          ]
        }
      ]
    },
    {
      "module": "module.webserver",
      "mode": "managed",
      "type": "aws_lb",
      "name": "loadbalancer",
      "provider": "provider.aws",
      "instances": [
        {
          "schema_version": 0,
          "attributes": {
            "access_logs": [
              {
                "bucket": "",
                "enabled": false,
                "prefix": ""
              }
            ],
            "arn": "arn:aws:elasticloadbalancing:eu-west-1:116177369426:loadbalancer/app/jml-alb/73444035a7abb9f6",
            "arn_suffix": "app/jml-alb/73444035a7abb9f6",
            "dns_name": "jml-alb-1137975540.eu-west-1.elb.amazonaws.com",
            "enable_cross_zone_load_balancing": null,
            "enable_deletion_protection": false,
            "enable_http2": true,
            "id": "arn:aws:elasticloadbalancing:eu-west-1:116177369426:loadbalancer/app/jml-alb/73444035a7abb9f6",
            "idle_timeout": 60,
            "internal": false,
            "ip_address_type": "ipv4",
            "load_balancer_type": "application",
            "name": "jml-alb",
            "name_prefix": null,
            "security_groups": [
              "sg-03e4f4aaea466bebe"
            ],
            "subnet_mapping": [
              {
                "allocation_id": "",
                "subnet_id": "subnet-000fd9fea6790f9f8"
              },
              {
                "allocation_id": "",
                "subnet_id": "subnet-05cbe2ba3c12eded5"
              }
            ],
            "subnets": [
              "subnet-000fd9fea6790f9f8",
              "subnet-05cbe2ba3c12eded5"
            ],
            "tags": {
              "Enviroment": "Production",
              "Name": "Application Load Balancer"
            },
            "timeouts": null,
            "vpc_id": "vpc-09716cb392f492436",
            "zone_id": "Z32O12XQLNTSW2"
          },
          "private": "eyJlMmJmYjczMC1lY2FhLTExZTYtOGY4OC0zNDM2M2JjN2M0YzAiOnsiY3JlYXRlIjo2MDAwMDAwMDAwMDAsImRlbGV0ZSI6NjAwMDAwMDAwMDAwLCJ1cGRhdGUiOjYwMDAwMDAwMDAwMH19",
          "depends_on": [
            "aws_security_group.external_sg"
          ]
        }
      ]
    },
    {
      "module": "module.webserver",
      "mode": "managed",
      "type": "aws_lb_listener",
      "name": "http_listener",
      "provider": "provider.aws",
      "instances": [
        {
          "schema_version": 0,
          "attributes": {
            "arn": "arn:aws:elasticloadbalancing:eu-west-1:116177369426:listener/app/jml-alb/73444035a7abb9f6/5005e4165c6a5eb6",
            "certificate_arn": null,
            "default_action": [
              {
                "authenticate_cognito": [],
                "authenticate_oidc": [],
                "fixed_response": [],
                "order": 1,
                "redirect": [
                  {
                    "host": "#{host}",
                    "path": "/#{path}",
                    "port": "443",
                    "protocol": "HTTPS",
                    "query": "#{query}",
                    "status_code": "HTTP_301"
                  }
                ],
                "target_group_arn": "",
                "type": "redirect"
              }
            ],
            "id": "arn:aws:elasticloadbalancing:eu-west-1:116177369426:listener/app/jml-alb/73444035a7abb9f6/5005e4165c6a5eb6",
            "load_balancer_arn": "arn:aws:elasticloadbalancing:eu-west-1:116177369426:loadbalancer/app/jml-alb/73444035a7abb9f6",
            "port": 80,
            "protocol": "HTTP",
            "ssl_policy": "",
            "timeouts": null
          },
          "private": "eyJlMmJmYjczMC1lY2FhLTExZTYtOGY4OC0zNDM2M2JjN2M0YzAiOnsicmVhZCI6NjAwMDAwMDAwMDAwfX0=",
          "depends_on": [
            "aws_lb.loadbalancer"
          ]
        }
      ]
    },
    {
      "module": "module.webserver",
      "mode": "managed",
      "type": "aws_lb_listener",
      "name": "https_listener",
      "provider": "provider.aws",
      "instances": [
        {
          "schema_version": 0,
          "attributes": {
            "arn": "arn:aws:elasticloadbalancing:eu-west-1:116177369426:listener/app/jml-alb/73444035a7abb9f6/8295709ba2dc0e51",
            "certificate_arn": "arn:aws:acm:eu-west-1:116177369426:certificate/d2031d1c-2b3a-45b3-ad96-ced22bb1939c",
            "default_action": [
              {
                "authenticate_cognito": [],
                "authenticate_oidc": [],
                "fixed_response": [],
                "order": 1,
                "redirect": [],
                "target_group_arn": "arn:aws:elasticloadbalancing:eu-west-1:116177369426:targetgroup/tg-loadbalancer-prod/11d194746b8644ce",
                "type": "forward"
              }
            ],
            "id": "arn:aws:elasticloadbalancing:eu-west-1:116177369426:listener/app/jml-alb/73444035a7abb9f6/8295709ba2dc0e51",
            "load_balancer_arn": "arn:aws:elasticloadbalancing:eu-west-1:116177369426:loadbalancer/app/jml-alb/73444035a7abb9f6",
            "port": 443,
            "protocol": "HTTPS",
            "ssl_policy": "ELBSecurityPolicy-2016-08",
            "timeouts": null
          },
          "private": "eyJlMmJmYjczMC1lY2FhLTExZTYtOGY4OC0zNDM2M2JjN2M0YzAiOnsicmVhZCI6NjAwMDAwMDAwMDAwfX0=",
          "depends_on": [
            "aws_acm_certificate.cert",
            "aws_lb.loadbalancer",
            "aws_lb_target_group.lb_targetgroup"
          ]
        }
      ]
    },
    {
      "module": "module.webserver",
      "mode": "managed",
      "type": "aws_lb_target_group",
      "name": "lb_targetgroup",
      "provider": "provider.aws",
      "instances": [
        {
          "schema_version": 0,
          "attributes": {
            "arn": "arn:aws:elasticloadbalancing:eu-west-1:116177369426:targetgroup/tg-loadbalancer-prod/11d194746b8644ce",
            "arn_suffix": "targetgroup/tg-loadbalancer-prod/11d194746b8644ce",
            "deregistration_delay": 300,
            "health_check": [
              {
                "enabled": true,
                "healthy_threshold": 2,
                "interval": 30,
                "matcher": "200",
                "path": "/",
                "port": "traffic-port",
                "protocol": "HTTP",
                "timeout": 28,
                "unhealthy_threshold": 5
              }
            ],
            "id": "arn:aws:elasticloadbalancing:eu-west-1:116177369426:targetgroup/tg-loadbalancer-prod/11d194746b8644ce",
            "lambda_multi_value_headers_enabled": false,
            "name": "tg-loadbalancer-prod",
            "name_prefix": null,
            "port": 80,
            "protocol": "HTTP",
            "proxy_protocol_v2": false,
            "slow_start": 0,
            "stickiness": [
              {
                "cookie_duration": 600,
                "enabled": true,
                "type": "lb_cookie"
              }
            ],
            "tags": null,
            "target_type": "instance",
            "vpc_id": "vpc-09716cb392f492436"
          },
          "private": "bnVsbA=="
        }
      ]
    },
    {
      "module": "module.vpc",
      "mode": "managed",
      "type": "aws_nat_gateway",
      "name": "ngw_1",
      "provider": "provider.aws",
      "instances": [
        {
          "schema_version": 0,
          "attributes": {
            "allocation_id": "eipalloc-0bac184493661d803",
            "id": "nat-0148c26e0fb2911f5",
            "network_interface_id": "eni-038450b253d60dad1",
            "private_ip": "192.168.4.63",
            "public_ip": "18.200.181.205",
            "subnet_id": "subnet-0b05f81f163b0009f",
            "tags": null
          },
          "private": "bnVsbA==",
          "depends_on": [
            "aws_eip.nat_ip_1",
            "aws_subnet.public_subnet_1"
          ]
        }
      ]
    },
    {
      "module": "module.vpc",
      "mode": "managed",
      "type": "aws_nat_gateway",
      "name": "ngw_2",
      "provider": "provider.aws",
      "instances": [
        {
          "schema_version": 0,
          "attributes": {
            "allocation_id": "eipalloc-021a717125bf10002",
            "id": "nat-0a785597c52e4513d",
            "network_interface_id": "eni-01ebd374ab4b7ff95",
            "private_ip": "192.168.7.75",
            "public_ip": "63.32.219.230",
            "subnet_id": "subnet-0886a957193bcd59a",
            "tags": null
          },
          "private": "bnVsbA==",
          "depends_on": [
            "aws_eip.nat_ip_2",
            "aws_subnet.public_subnet_2"
          ]
        }
      ]
    },
    {
      "module": "module.database",
      "mode": "managed",
      "type": "aws_rds_cluster",
      "name": "joomla",
      "provider": "provider.aws",
      "instances": [
        {
          "schema_version": 0,
          "attributes": {
            "apply_immediately": null,
            "arn": "arn:aws:rds:eu-west-1:116177369426:cluster:aurora-cluster-joomla",
            "availability_zones": [
              "eu-west-1a",
              "eu-west-1b"
            ],
            "backtrack_window": 0,
            "backup_retention_period": 1,
            "cluster_identifier": "aurora-cluster-joomla",
            "cluster_identifier_prefix": null,
            "cluster_members": [],
            "cluster_resource_id": "cluster-LCVVXVVSXV5PYNIXXYWWJ7OPIA",
            "copy_tags_to_snapshot": false,
            "database_name": "joomla",
            "db_cluster_parameter_group_name": "default.aurora5.6",
            "db_subnet_group_name": "db_private_subnet_group",
            "deletion_protection": false,
            "enabled_cloudwatch_logs_exports": null,
            "endpoint": "aurora-cluster-joomla.cluster-cntggvxcnzd7.eu-west-1.rds.amazonaws.com",
            "engine": "aurora",
            "engine_mode": "provisioned",
            "engine_version": "5.6.10a",
            "final_snapshot_identifier": null,
            "global_cluster_identifier": "",
            "hosted_zone_id": "Z29XKXDKYMONMX",
            "iam_database_authentication_enabled": false,
            "iam_roles": null,
            "id": "aurora-cluster-joomla",
            "kms_key_id": "",
            "master_password": "adminadmin",
            "master_username": "admin",
            "port": 3306,
            "preferred_backup_window": "03:37-04:07",
            "preferred_maintenance_window": "thu:02:23-thu:02:53",
            "reader_endpoint": "aurora-cluster-joomla.cluster-ro-cntggvxcnzd7.eu-west-1.rds.amazonaws.com",
            "replication_source_identifier": "",
            "s3_import": [],
            "scaling_configuration": [],
            "skip_final_snapshot": true,
            "snapshot_identifier": null,
            "source_region": null,
            "storage_encrypted": false,
            "tags": null,
            "timeouts": null,
            "vpc_security_group_ids": [
              "sg-01234063554c28f56"
            ]
          },
          "private": "eyJlMmJmYjczMC1lY2FhLTExZTYtOGY4OC0zNDM2M2JjN2M0YzAiOnsiY3JlYXRlIjo3MjAwMDAwMDAwMDAwLCJkZWxldGUiOjcyMDAwMDAwMDAwMDAsInVwZGF0ZSI6NzIwMDAwMDAwMDAwMH19",
          "depends_on": [
            "aws_security_group.private_sg"
          ]
        }
      ]
    },
    {
      "module": "module.database",
      "mode": "managed",
      "type": "aws_rds_cluster_instance",
      "name": "db_istances",
      "each": "list",
      "provider": "provider.aws",
      "instances": [
        {
          "index_key": 0,
          "schema_version": 0,
          "attributes": {
            "apply_immediately": null,
            "arn": "arn:aws:rds:eu-west-1:116177369426:db:aurora-joomla-0",
            "auto_minor_version_upgrade": true,
            "availability_zone": "eu-west-1b",
            "cluster_identifier": "aurora-cluster-joomla",
            "copy_tags_to_snapshot": false,
            "db_parameter_group_name": "default.aurora5.6",
            "db_subnet_group_name": "db_private_subnet_group",
            "dbi_resource_id": "db-6U6DSM3QFGM5ELRXCVEMTTIGME",
            "endpoint": "aurora-joomla-0.cntggvxcnzd7.eu-west-1.rds.amazonaws.com",
            "engine": "aurora",
            "engine_version": "5.6.10a",
            "id": "aurora-joomla-0",
            "identifier": "aurora-joomla-0",
            "identifier_prefix": null,
            "instance_class": "db.t3.medium",
            "kms_key_id": "",
            "monitoring_interval": 0,
            "monitoring_role_arn": "",
            "performance_insights_enabled": false,
            "performance_insights_kms_key_id": "",
            "port": 3306,
            "preferred_backup_window": "03:37-04:07",
            "preferred_maintenance_window": "wed:04:27-wed:04:57",
            "promotion_tier": 0,
            "publicly_accessible": false,
            "storage_encrypted": false,
            "tags": null,
            "timeouts": null,
            "writer": true
          },
          "private": "eyJlMmJmYjczMC1lY2FhLTExZTYtOGY4OC0zNDM2M2JjN2M0YzAiOnsiY3JlYXRlIjo1NDAwMDAwMDAwMDAwLCJkZWxldGUiOjU0MDAwMDAwMDAwMDAsInVwZGF0ZSI6NTQwMDAwMDAwMDAwMH19",
          "depends_on": [
            "aws_rds_cluster.joomla"
          ]
        },
        {
          "index_key": 1,
          "schema_version": 0,
          "attributes": {
            "apply_immediately": null,
            "arn": "arn:aws:rds:eu-west-1:116177369426:db:aurora-joomla-1",
            "auto_minor_version_upgrade": true,
            "availability_zone": "eu-west-1a",
            "cluster_identifier": "aurora-cluster-joomla",
            "copy_tags_to_snapshot": false,
            "db_parameter_group_name": "default.aurora5.6",
            "db_subnet_group_name": "db_private_subnet_group",
            "dbi_resource_id": "db-OSUBISWEFBXN7NO5K2EM546ZXI",
            "endpoint": "aurora-joomla-1.cntggvxcnzd7.eu-west-1.rds.amazonaws.com",
            "engine": "aurora",
            "engine_version": "5.6.10a",
            "id": "aurora-joomla-1",
            "identifier": "aurora-joomla-1",
            "identifier_prefix": null,
            "instance_class": "db.t3.medium",
            "kms_key_id": "",
            "monitoring_interval": 0,
            "monitoring_role_arn": "",
            "performance_insights_enabled": false,
            "performance_insights_kms_key_id": "",
            "port": 3306,
            "preferred_backup_window": "03:37-04:07",
            "preferred_maintenance_window": "mon:04:34-mon:05:04",
            "promotion_tier": 0,
            "publicly_accessible": false,
            "storage_encrypted": false,
            "tags": null,
            "timeouts": null,
            "writer": false
          },
          "private": "eyJlMmJmYjczMC1lY2FhLTExZTYtOGY4OC0zNDM2M2JjN2M0YzAiOnsiY3JlYXRlIjo1NDAwMDAwMDAwMDAwLCJkZWxldGUiOjU0MDAwMDAwMDAwMDAsInVwZGF0ZSI6NTQwMDAwMDAwMDAwMH19",
          "depends_on": [
            "aws_rds_cluster.joomla"
          ]
        }
      ]
    },
    {
      "module": "module.vpc",
      "mode": "managed",
      "type": "aws_route_table",
      "name": "dmz_route_table",
      "provider": "provider.aws",
      "instances": [
        {
          "schema_version": 0,
          "attributes": {
            "id": "rtb-009dec735f6e86a0f",
            "owner_id": "116177369426",
            "propagating_vgws": [],
            "route": [
              {
                "cidr_block": "0.0.0.0/0",
                "egress_only_gateway_id": "",
                "gateway_id": "igw-0bacab207e86d848e",
                "instance_id": "",
                "ipv6_cidr_block": "",
                "nat_gateway_id": "",
                "network_interface_id": "",
                "transit_gateway_id": "",
                "vpc_peering_connection_id": ""
              }
            ],
            "tags": null,
            "vpc_id": "vpc-09716cb392f492436"
          },
          "private": "bnVsbA==",
          "depends_on": [
            "aws_internet_gateway.gateway",
            "aws_vpc.default"
          ]
        }
      ]
    },
    {
      "module": "module.vpc",
      "mode": "managed",
      "type": "aws_route_table",
      "name": "private_route_table_1",
      "provider": "provider.aws",
      "instances": [
        {
          "schema_version": 0,
          "attributes": {
            "id": "rtb-0cfa4b81970221a44",
            "owner_id": "116177369426",
            "propagating_vgws": [],
            "route": [
              {
                "cidr_block": "0.0.0.0/0",
                "egress_only_gateway_id": "",
                "gateway_id": "nat-0148c26e0fb2911f5",
                "instance_id": "",
                "ipv6_cidr_block": "",
                "nat_gateway_id": "",
                "network_interface_id": "",
                "transit_gateway_id": "",
                "vpc_peering_connection_id": ""
              }
            ],
            "tags": null,
            "vpc_id": "vpc-09716cb392f492436"
          },
          "private": "bnVsbA==",
          "depends_on": [
            "aws_nat_gateway.ngw_1",
            "aws_vpc.default"
          ]
        }
      ]
    },
    {
      "module": "module.vpc",
      "mode": "managed",
      "type": "aws_route_table",
      "name": "private_route_table_2",
      "provider": "provider.aws",
      "instances": [
        {
          "schema_version": 0,
          "attributes": {
            "id": "rtb-02b7bede9acc25ad6",
            "owner_id": "116177369426",
            "propagating_vgws": [],
            "route": [
              {
                "cidr_block": "0.0.0.0/0",
                "egress_only_gateway_id": "",
                "gateway_id": "nat-0a785597c52e4513d",
                "instance_id": "",
                "ipv6_cidr_block": "",
                "nat_gateway_id": "",
                "network_interface_id": "",
                "transit_gateway_id": "",
                "vpc_peering_connection_id": ""
              }
            ],
            "tags": null,
            "vpc_id": "vpc-09716cb392f492436"
          },
          "private": "bnVsbA==",
          "depends_on": [
            "aws_nat_gateway.ngw_2",
            "aws_vpc.default"
          ]
        }
      ]
    },
    {
      "module": "module.vpc",
      "mode": "managed",
      "type": "aws_route_table",
      "name": "public_route_table",
      "provider": "provider.aws",
      "instances": [
        {
          "schema_version": 0,
          "attributes": {
            "id": "rtb-0a5846cfe85366f32",
            "owner_id": "116177369426",
            "propagating_vgws": [],
            "route": [
              {
                "cidr_block": "0.0.0.0/0",
                "egress_only_gateway_id": "",
                "gateway_id": "igw-0bacab207e86d848e",
                "instance_id": "",
                "ipv6_cidr_block": "",
                "nat_gateway_id": "",
                "network_interface_id": "",
                "transit_gateway_id": "",
                "vpc_peering_connection_id": ""
              }
            ],
            "tags": null,
            "vpc_id": "vpc-09716cb392f492436"
          },
          "private": "bnVsbA==",
          "depends_on": [
            "aws_internet_gateway.gateway",
            "aws_vpc.default"
          ]
        }
      ]
    },
    {
      "module": "module.vpc",
      "mode": "managed",
      "type": "aws_route_table",
      "name": "vpc_route",
      "provider": "provider.aws",
      "instances": [
        {
          "schema_version": 0,
          "attributes": {
            "id": "rtb-0d9e29793e5763662",
            "owner_id": "116177369426",
            "propagating_vgws": [],
            "route": [
              {
                "cidr_block": "0.0.0.0/0",
                "egress_only_gateway_id": "",
                "gateway_id": "igw-0bacab207e86d848e",
                "instance_id": "",
                "ipv6_cidr_block": "",
                "nat_gateway_id": "",
                "network_interface_id": "",
                "transit_gateway_id": "",
                "vpc_peering_connection_id": ""
              }
            ],
            "tags": null,
            "vpc_id": "vpc-09716cb392f492436"
          },
          "private": "bnVsbA==",
          "depends_on": [
            "aws_internet_gateway.gateway",
            "aws_vpc.default"
          ]
        }
      ]
    },
    {
      "module": "module.vpc",
      "mode": "managed",
      "type": "aws_route_table_association",
      "name": "dmz_route_association_1",
      "provider": "provider.aws",
      "instances": [
        {
          "schema_version": 0,
          "attributes": {
            "id": "rtbassoc-0b9a8d60941580b5e",
            "route_table_id": "rtb-009dec735f6e86a0f",
            "subnet_id": "subnet-05cbe2ba3c12eded5"
          },
          "private": "bnVsbA==",
          "depends_on": [
            "aws_route_table.dmz_route_table",
            "aws_subnet.dmz_subnet_1"
          ]
        }
      ]
    },
    {
      "module": "module.vpc",
      "mode": "managed",
      "type": "aws_route_table_association",
      "name": "dmz_route_association_2",
      "provider": "provider.aws",
      "instances": [
        {
          "schema_version": 0,
          "attributes": {
            "id": "rtbassoc-0640c3bf9570e6832",
            "route_table_id": "rtb-009dec735f6e86a0f",
            "subnet_id": "subnet-000fd9fea6790f9f8"
          },
          "private": "bnVsbA==",
          "depends_on": [
            "aws_route_table.dmz_route_table",
            "aws_subnet.dmz_subnet_2"
          ]
        }
      ]
    },
    {
      "module": "module.vpc",
      "mode": "managed",
      "type": "aws_route_table_association",
      "name": "private_route_association1",
      "provider": "provider.aws",
      "instances": [
        {
          "schema_version": 0,
          "attributes": {
            "id": "rtbassoc-058325f06c5ec10be",
            "route_table_id": "rtb-0cfa4b81970221a44",
            "subnet_id": "subnet-0814ec73709e12859"
          },
          "private": "bnVsbA==",
          "depends_on": [
            "aws_route_table.private_route_table_1",
            "aws_subnet.private_subnet_1"
          ]
        }
      ]
    },
    {
      "module": "module.vpc",
      "mode": "managed",
      "type": "aws_route_table_association",
      "name": "private_route_association2",
      "provider": "provider.aws",
      "instances": [
        {
          "schema_version": 0,
          "attributes": {
            "id": "rtbassoc-0e4e07ce6ad732266",
            "route_table_id": "rtb-02b7bede9acc25ad6",
            "subnet_id": "subnet-0238e9c78aa40814a"
          },
          "private": "bnVsbA==",
          "depends_on": [
            "aws_route_table.private_route_table_2",
            "aws_subnet.private_subnet_2"
          ]
        }
      ]
    },
    {
      "module": "module.vpc",
      "mode": "managed",
      "type": "aws_route_table_association",
      "name": "public_route_association_1",
      "provider": "provider.aws",
      "instances": [
        {
          "schema_version": 0,
          "attributes": {
            "id": "rtbassoc-0d6383df455cefd73",
            "route_table_id": "rtb-0a5846cfe85366f32",
            "subnet_id": "subnet-0b05f81f163b0009f"
          },
          "private": "bnVsbA==",
          "depends_on": [
            "aws_route_table.public_route_table",
            "aws_subnet.public_subnet_1"
          ]
        }
      ]
    },
    {
      "module": "module.vpc",
      "mode": "managed",
      "type": "aws_route_table_association",
      "name": "public_route_association_2",
      "provider": "provider.aws",
      "instances": [
        {
          "schema_version": 0,
          "attributes": {
            "id": "rtbassoc-056e18c995312d13a",
            "route_table_id": "rtb-0a5846cfe85366f32",
            "subnet_id": "subnet-0886a957193bcd59a"
          },
          "private": "bnVsbA==",
          "depends_on": [
            "aws_route_table.public_route_table",
            "aws_subnet.public_subnet_2"
          ]
        }
      ]
    },
    {
      "module": "module.data",
      "mode": "managed",
      "type": "aws_s3_bucket",
      "name": "s3_bucket",
      "provider": "provider.aws",
      "instances": [
        {
          "schema_version": 0,
          "attributes": {
            "acceleration_status": "",
            "acl": "private",
            "arn": "arn:aws:s3:::xp-bucket-test",
            "bucket": "xp-bucket-test",
            "bucket_domain_name": "xp-bucket-test.s3.amazonaws.com",
            "bucket_prefix": null,
            "bucket_regional_domain_name": "xp-bucket-test.s3.eu-west-1.amazonaws.com",
            "cors_rule": [],
            "force_destroy": false,
            "hosted_zone_id": "Z1BKCTXD74EZPE",
            "id": "xp-bucket-test",
            "lifecycle_rule": [],
            "logging": [],
            "object_lock_configuration": [],
            "policy": null,
            "region": "eu-west-1",
            "replication_configuration": [],
            "request_payer": "BucketOwner",
            "server_side_encryption_configuration": [],
            "tags": {
              "Environment": "Production",
              "Name": "Mybucket"
            },
            "versioning": [
              {
                "enabled": false,
                "mfa_delete": false
              }
            ],
            "website": [],
            "website_domain": null,
            "website_endpoint": null
          },
          "private": "bnVsbA=="
        }
      ]
    },
    {
      "module": "module.webserver",
      "mode": "managed",
      "type": "aws_security_group",
      "name": "external_sg",
      "provider": "provider.aws",
      "instances": [
        {
          "schema_version": 1,
          "attributes": {
            "arn": "arn:aws:ec2:eu-west-1:116177369426:security-group/sg-03e4f4aaea466bebe",
            "description": "Allow external HTTP inbound traffic and outbound traffic to api-servers",
            "egress": [
              {
                "cidr_blocks": [
                  "0.0.0.0/0"
                ],
                "description": "",
                "from_port": 0,
                "ipv6_cidr_blocks": [],
                "prefix_list_ids": [],
                "protocol": "-1",
                "security_groups": [],
                "self": false,
                "to_port": 0
              }
            ],
            "id": "sg-03e4f4aaea466bebe",
            "ingress": [
              {
                "cidr_blocks": [
                  "0.0.0.0/0"
                ],
                "description": "",
                "from_port": 443,
                "ipv6_cidr_blocks": [],
                "prefix_list_ids": [],
                "protocol": "tcp",
                "security_groups": [],
                "self": false,
                "to_port": 443
              },
              {
                "cidr_blocks": [
                  "0.0.0.0/0"
                ],
                "description": "",
                "from_port": 80,
                "ipv6_cidr_blocks": [],
                "prefix_list_ids": [],
                "protocol": "tcp",
                "security_groups": [],
                "self": false,
                "to_port": 80
              }
            ],
            "name": "external_sg",
            "name_prefix": null,
            "owner_id": "116177369426",
            "revoke_rules_on_delete": false,
            "tags": null,
            "timeouts": null,
            "vpc_id": "vpc-09716cb392f492436"
          },
          "private": "eyJlMmJmYjczMC1lY2FhLTExZTYtOGY4OC0zNDM2M2JjN2M0YzAiOnsiY3JlYXRlIjo2MDAwMDAwMDAwMDAsImRlbGV0ZSI6NjAwMDAwMDAwMDAwfSwic2NoZW1hX3ZlcnNpb24iOiIxIn0="
        }
      ]
    },
    {
      "module": "module.database",
      "mode": "managed",
      "type": "aws_security_group",
      "name": "private_sg",
      "provider": "provider.aws",
      "instances": [
        {
          "schema_version": 1,
          "attributes": {
            "arn": "arn:aws:ec2:eu-west-1:116177369426:security-group/sg-01234063554c28f56",
            "description": "This security group will be applied to database servers",
            "egress": [
              {
                "cidr_blocks": [
                  "0.0.0.0/0"
                ],
                "description": "",
                "from_port": 0,
                "ipv6_cidr_blocks": [],
                "prefix_list_ids": [],
                "protocol": "tcp",
                "security_groups": [],
                "self": true,
                "to_port": 65535
              }
            ],
            "id": "sg-01234063554c28f56",
            "ingress": [
              {
                "cidr_blocks": [],
                "description": "",
                "from_port": 3306,
                "ipv6_cidr_blocks": [],
                "prefix_list_ids": [],
                "protocol": "tcp",
                "security_groups": [
                  "sg-04068538db24124a7"
                ],
                "self": false,
                "to_port": 3306
              },
              {
                "cidr_blocks": [],
                "description": "",
                "from_port": 80,
                "ipv6_cidr_blocks": [],
                "prefix_list_ids": [],
                "protocol": "tcp",
                "security_groups": [
                  "sg-04068538db24124a7"
                ],
                "self": false,
                "to_port": 80
              }
            ],
            "name": "private_sg",
            "name_prefix": null,
            "owner_id": "116177369426",
            "revoke_rules_on_delete": false,
            "tags": null,
            "timeouts": null,
            "vpc_id": "vpc-09716cb392f492436"
          },
          "private": "eyJlMmJmYjczMC1lY2FhLTExZTYtOGY4OC0zNDM2M2JjN2M0YzAiOnsiY3JlYXRlIjo2MDAwMDAwMDAwMDAsImRlbGV0ZSI6NjAwMDAwMDAwMDAwfSwic2NoZW1hX3ZlcnNpb24iOiIxIn0="
        }
      ]
    },
    {
      "module": "module.webserver",
      "mode": "managed",
      "type": "aws_security_group",
      "name": "public_sg",
      "provider": "provider.aws",
      "instances": [
        {
          "schema_version": 1,
          "attributes": {
            "arn": "arn:aws:ec2:eu-west-1:116177369426:security-group/sg-04068538db24124a7",
            "description": "This will be applied to all the application servers",
            "egress": [],
            "id": "sg-04068538db24124a7",
            "ingress": [
              {
                "cidr_blocks": [
                  "0.0.0.0/0"
                ],
                "description": "",
                "from_port": 443,
                "ipv6_cidr_blocks": [],
                "prefix_list_ids": [],
                "protocol": "tcp",
                "security_groups": [
                  "sg-03e4f4aaea466bebe"
                ],
                "self": false,
                "to_port": 443
              },
              {
                "cidr_blocks": [
                  "0.0.0.0/0"
                ],
                "description": "",
                "from_port": 80,
                "ipv6_cidr_blocks": [],
                "prefix_list_ids": [],
                "protocol": "tcp",
                "security_groups": [
                  "sg-03e4f4aaea466bebe"
                ],
                "self": false,
                "to_port": 80
              }
            ],
            "name": "public_sg",
            "name_prefix": null,
            "owner_id": "116177369426",
            "revoke_rules_on_delete": false,
            "tags": null,
            "timeouts": null,
            "vpc_id": "vpc-09716cb392f492436"
          },
          "private": "eyJlMmJmYjczMC1lY2FhLTExZTYtOGY4OC0zNDM2M2JjN2M0YzAiOnsiY3JlYXRlIjo2MDAwMDAwMDAwMDAsImRlbGV0ZSI6NjAwMDAwMDAwMDAwfSwic2NoZW1hX3ZlcnNpb24iOiIxIn0=",
          "depends_on": [
            "aws_security_group.external_sg"
          ]
        }
      ]
    },
    {
      "module": "module.webserver",
      "mode": "managed",
      "type": "aws_security_group",
      "name": "ssh_sg",
      "provider": "provider.aws",
      "instances": [
        {
          "schema_version": 1,
          "attributes": {
            "arn": "arn:aws:ec2:eu-west-1:116177369426:security-group/sg-089a76d2e200266c0",
            "description": "Allow inbound SSH traffic",
            "egress": [
              {
                "cidr_blocks": [
                  "0.0.0.0/0"
                ],
                "description": "",
                "from_port": 0,
                "ipv6_cidr_blocks": [],
                "prefix_list_ids": [],
                "protocol": "-1",
                "security_groups": [],
                "self": false,
                "to_port": 0
              }
            ],
            "id": "sg-089a76d2e200266c0",
            "ingress": [
              {
                "cidr_blocks": [
                  "0.0.0.0/0"
                ],
                "description": "",
                "from_port": 22,
                "ipv6_cidr_blocks": [],
                "prefix_list_ids": [],
                "protocol": "tcp",
                "security_groups": [],
                "self": false,
                "to_port": 22
              }
            ],
            "name": "ssh_sg",
            "name_prefix": null,
            "owner_id": "116177369426",
            "revoke_rules_on_delete": false,
            "tags": null,
            "timeouts": null,
            "vpc_id": "vpc-09716cb392f492436"
          },
          "private": "eyJlMmJmYjczMC1lY2FhLTExZTYtOGY4OC0zNDM2M2JjN2M0YzAiOnsiY3JlYXRlIjo2MDAwMDAwMDAwMDAsImRlbGV0ZSI6NjAwMDAwMDAwMDAwfSwic2NoZW1hX3ZlcnNpb24iOiIxIn0="
        }
      ]
    },
    {
      "module": "module.vpc",
      "mode": "managed",
      "type": "aws_subnet",
      "name": "dmz_subnet_1",
      "provider": "provider.aws",
      "instances": [
        {
          "schema_version": 1,
          "attributes": {
            "arn": "arn:aws:ec2:eu-west-1:116177369426:subnet/subnet-05cbe2ba3c12eded5",
            "assign_ipv6_address_on_creation": false,
            "availability_zone": "eu-west-1a",
            "availability_zone_id": "euw1-az1",
            "cidr_block": "192.168.0.0/23",
            "id": "subnet-05cbe2ba3c12eded5",
            "ipv6_cidr_block": "",
            "ipv6_cidr_block_association_id": "",
            "map_public_ip_on_launch": false,
            "owner_id": "116177369426",
            "tags": null,
            "timeouts": null,
            "vpc_id": "vpc-09716cb392f492436"
          },
          "private": "eyJlMmJmYjczMC1lY2FhLTExZTYtOGY4OC0zNDM2M2JjN2M0YzAiOnsiY3JlYXRlIjo2MDAwMDAwMDAwMDAsImRlbGV0ZSI6MTIwMDAwMDAwMDAwMH0sInNjaGVtYV92ZXJzaW9uIjoiMSJ9",
          "depends_on": [
            "aws_vpc.default"
          ]
        }
      ]
    },
    {
      "module": "module.vpc",
      "mode": "managed",
      "type": "aws_subnet",
      "name": "dmz_subnet_2",
      "provider": "provider.aws",
      "instances": [
        {
          "schema_version": 1,
          "attributes": {
            "arn": "arn:aws:ec2:eu-west-1:116177369426:subnet/subnet-000fd9fea6790f9f8",
            "assign_ipv6_address_on_creation": false,
            "availability_zone": "eu-west-1b",
            "availability_zone_id": "euw1-az2",
            "cidr_block": "192.168.2.0/23",
            "id": "subnet-000fd9fea6790f9f8",
            "ipv6_cidr_block": "",
            "ipv6_cidr_block_association_id": "",
            "map_public_ip_on_launch": false,
            "owner_id": "116177369426",
            "tags": null,
            "timeouts": null,
            "vpc_id": "vpc-09716cb392f492436"
          },
          "private": "eyJlMmJmYjczMC1lY2FhLTExZTYtOGY4OC0zNDM2M2JjN2M0YzAiOnsiY3JlYXRlIjo2MDAwMDAwMDAwMDAsImRlbGV0ZSI6MTIwMDAwMDAwMDAwMH0sInNjaGVtYV92ZXJzaW9uIjoiMSJ9",
          "depends_on": [
            "aws_vpc.default"
          ]
        }
      ]
    },
    {
      "module": "module.vpc",
      "mode": "managed",
      "type": "aws_subnet",
      "name": "private_subnet_1",
      "provider": "provider.aws",
      "instances": [
        {
          "schema_version": 1,
          "attributes": {
            "arn": "arn:aws:ec2:eu-west-1:116177369426:subnet/subnet-0814ec73709e12859",
            "assign_ipv6_address_on_creation": false,
            "availability_zone": "eu-west-1a",
            "availability_zone_id": "euw1-az1",
            "cidr_block": "192.168.8.0/23",
            "id": "subnet-0814ec73709e12859",
            "ipv6_cidr_block": "",
            "ipv6_cidr_block_association_id": "",
            "map_public_ip_on_launch": false,
            "owner_id": "116177369426",
            "tags": null,
            "timeouts": null,
            "vpc_id": "vpc-09716cb392f492436"
          },
          "private": "eyJlMmJmYjczMC1lY2FhLTExZTYtOGY4OC0zNDM2M2JjN2M0YzAiOnsiY3JlYXRlIjo2MDAwMDAwMDAwMDAsImRlbGV0ZSI6MTIwMDAwMDAwMDAwMH0sInNjaGVtYV92ZXJzaW9uIjoiMSJ9",
          "depends_on": [
            "aws_vpc.default"
          ]
        }
      ]
    },
    {
      "module": "module.vpc",
      "mode": "managed",
      "type": "aws_subnet",
      "name": "private_subnet_2",
      "provider": "provider.aws",
      "instances": [
        {
          "schema_version": 1,
          "attributes": {
            "arn": "arn:aws:ec2:eu-west-1:116177369426:subnet/subnet-0238e9c78aa40814a",
            "assign_ipv6_address_on_creation": false,
            "availability_zone": "eu-west-1b",
            "availability_zone_id": "euw1-az2",
            "cidr_block": "192.168.10.0/23",
            "id": "subnet-0238e9c78aa40814a",
            "ipv6_cidr_block": "",
            "ipv6_cidr_block_association_id": "",
            "map_public_ip_on_launch": false,
            "owner_id": "116177369426",
            "tags": null,
            "timeouts": null,
            "vpc_id": "vpc-09716cb392f492436"
          },
          "private": "eyJlMmJmYjczMC1lY2FhLTExZTYtOGY4OC0zNDM2M2JjN2M0YzAiOnsiY3JlYXRlIjo2MDAwMDAwMDAwMDAsImRlbGV0ZSI6MTIwMDAwMDAwMDAwMH0sInNjaGVtYV92ZXJzaW9uIjoiMSJ9",
          "depends_on": [
            "aws_vpc.default"
          ]
        }
      ]
    },
    {
      "module": "module.vpc",
      "mode": "managed",
      "type": "aws_subnet",
      "name": "public_subnet_1",
      "provider": "provider.aws",
      "instances": [
        {
          "schema_version": 1,
          "attributes": {
            "arn": "arn:aws:ec2:eu-west-1:116177369426:subnet/subnet-0b05f81f163b0009f",
            "assign_ipv6_address_on_creation": false,
            "availability_zone": "eu-west-1a",
            "availability_zone_id": "euw1-az1",
            "cidr_block": "192.168.4.0/23",
            "id": "subnet-0b05f81f163b0009f",
            "ipv6_cidr_block": "",
            "ipv6_cidr_block_association_id": "",
            "map_public_ip_on_launch": true,
            "owner_id": "116177369426",
            "tags": null,
            "timeouts": null,
            "vpc_id": "vpc-09716cb392f492436"
          },
          "private": "eyJlMmJmYjczMC1lY2FhLTExZTYtOGY4OC0zNDM2M2JjN2M0YzAiOnsiY3JlYXRlIjo2MDAwMDAwMDAwMDAsImRlbGV0ZSI6MTIwMDAwMDAwMDAwMH0sInNjaGVtYV92ZXJzaW9uIjoiMSJ9",
          "depends_on": [
            "aws_vpc.default"
          ]
        }
      ]
    },
    {
      "module": "module.vpc",
      "mode": "managed",
      "type": "aws_subnet",
      "name": "public_subnet_2",
      "provider": "provider.aws",
      "instances": [
        {
          "schema_version": 1,
          "attributes": {
            "arn": "arn:aws:ec2:eu-west-1:116177369426:subnet/subnet-0886a957193bcd59a",
            "assign_ipv6_address_on_creation": false,
            "availability_zone": "eu-west-1b",
            "availability_zone_id": "euw1-az2",
            "cidr_block": "192.168.6.0/23",
            "id": "subnet-0886a957193bcd59a",
            "ipv6_cidr_block": "",
            "ipv6_cidr_block_association_id": "",
            "map_public_ip_on_launch": true,
            "owner_id": "116177369426",
            "tags": null,
            "timeouts": null,
            "vpc_id": "vpc-09716cb392f492436"
          },
          "private": "eyJlMmJmYjczMC1lY2FhLTExZTYtOGY4OC0zNDM2M2JjN2M0YzAiOnsiY3JlYXRlIjo2MDAwMDAwMDAwMDAsImRlbGV0ZSI6MTIwMDAwMDAwMDAwMH0sInNjaGVtYV92ZXJzaW9uIjoiMSJ9",
          "depends_on": [
            "aws_vpc.default"
          ]
        }
      ]
    },
    {
      "module": "module.vpc",
      "mode": "managed",
      "type": "aws_vpc",
      "name": "default",
      "provider": "provider.aws",
      "instances": [
        {
          "schema_version": 1,
          "attributes": {
            "arn": "arn:aws:ec2:eu-west-1:116177369426:vpc/vpc-09716cb392f492436",
            "assign_generated_ipv6_cidr_block": false,
            "cidr_block": "192.168.0.0/19",
            "default_network_acl_id": "acl-04eaa671eeb5dac21",
            "default_route_table_id": "rtb-0ae78bf8c47b5f2a7",
            "default_security_group_id": "sg-080408c6c7c46045b",
            "dhcp_options_id": "dopt-dce8afba",
            "enable_classiclink": false,
            "enable_classiclink_dns_support": false,
            "enable_dns_hostnames": false,
            "enable_dns_support": true,
            "id": "vpc-09716cb392f492436",
            "instance_tenancy": "default",
            "ipv6_association_id": "",
            "ipv6_cidr_block": "",
            "main_route_table_id": "rtb-0ae78bf8c47b5f2a7",
            "owner_id": "116177369426",
            "tags": null
          },
          "private": "eyJzY2hlbWFfdmVyc2lvbiI6IjEifQ=="
        }
      ]
    },
    {
      "module": "module.webserver",
      "mode": "managed",
      "type": "tls_private_key",
      "name": "ca_key",
      "provider": "provider.tls",
      "instances": [
        {
          "schema_version": 0,
          "attributes": {
            "algorithm": "RSA",
            "ecdsa_curve": "P224",
            "id": "df54de711609673a04620f657c76e50256bf2272",
            "private_key_pem": "-----BEGIN RSA PRIVATE KEY-----\nMIIEpAIBAAKCAQEA1Tr+qFp4OyNchMR226Mqf2FZtIsaK3ruenLLgRCsCQLju8A3\niU+sscF2CBYZTV9U3t+KVU0OCD+ijA3iWhOZAkNTgIj/vZTY6MuqzyB2Q/a1Ml4v\nQUILLdogzkjHECiG+YWp+KaDHjly+fLrnckiATri665QNMwldxkgYBQPoQkoI3qD\nvcs0BF2vGWBn5xqtBcoidj0nvwpYKjWMYpNW120VUjg/83Tt9CB1qSOWdd9bWSE3\nDKOlk9hJ7c15VMah9jJXzKqrCCF90nxZoXFyD9bX9ujcfAxL0UdutO6jzS2B5fcb\nDgUMTUpxeUYo2imi7Ngf0/qAJry88luPz5+5RQIDAQABAoIBAAChlhNlgSmbpzB1\nbGymBQAvh5ZzOvaZ/I68PEH7jKbSLV5m6UMsyzQTgIfxmM2T1Kp8OuqZucrodVC4\n0cy2diN9k4ez4B3tjN7Ti4PlcrQszMiDYtxsl5/hH2u852ny1MN0U9Z6l7TFMsPu\npifnaoRaakWMVIxzdkDuAByIsqslXGh7f04DFJoMrKnkYvs2yCy4DZ7FFjxu47vH\nokNY2ct1lNVe6YZOYyA3EWfVMcG/zYOS+JRKGqbVz+hBC1Wlf5DHpghUbLte/PPK\nPQ9crZDyNaJDJ9si+Qxifr308qhnZ0eQY0LRSLh+IsOfMint7quUUkJknrdgl4ds\nPP8UBdkCgYEA3fXQXggbN82YuoepUVNrDPKCgRvFY1Ea9ev5LC99GVKW0XZ4X0uY\nLzeWUNl+jnaM3Loz3ytic9cw3QWbjj60hA1SzjMgyo7ZgddxcLEcvETeTej2XCnt\nE3TcHsgJKnWTsz73jbG7UDwkQwoqIWd8oF4H5M4WB1x/e78PjcJTvbMCgYEA9e5z\nAWiknloIogHQU84PcTqRFGQXbfhTc9WA8A9Oy6ANTSifBqKzRIojt2qQdZj5vCTi\nlY6J2WeWnFMlQ+gbEvxibJjvZ1dXZIVY9qlrPOME+Eb3n5rs1OuJftWNkfM7NvFV\njmjDvwAvFFywGxOJ6M97/WEabjyi/I/5o/GPYScCgYEAxVrsCq/qg5OrWS+GvWkO\nplR69ZFb0RMshb1rsH4JHZrxvw03uoPcrR8f6IN6o/GFDj4CIUzSHW4ZZGy4A6J9\nn2y5U97iKTka7PhDRZA1nLEfeObLJueghMxDbJswizBARACY3MRLaOwQ0gsXqtv5\nVB5HpooXzDPSppUbn1BKZUECgYEAhKFkRI46uWu03Co+P/QRP+9l7qlMOXKDDyVF\ntDGNPSPECKivmtSD+aLGQFSoM8Oca2s5B48nqKfFAemVX1n9v+985TRVaFYiO4Pu\nxpf3zY5hT8R2Jw1WTD36mPxyrROQC8F7cqHtb0SaH1EdaHzRE01SgQOtTWZGQA8l\ngtTzjmECgYBiF3/rvrO7A8buHBubbqITLypEnMdjrWQa4xcde5zxr7e5p5ETuMRv\nHfeHsnCKMtY/+Nbix/57BNgRGFwCI7A29lfpyDVMihZQK2iKxmMTveuwNmbRciHB\n/fFU+hw55bRdtm2CxEU9qlarOEUDcYXtXSLSH/O0j4PccjGKgF3sOg==\n-----END RSA PRIVATE KEY-----\n",
            "public_key_fingerprint_md5": "78:89:61:ae:37:f6:4a:26:4a:c0:17:02:3c:0a:3f:d0",
            "public_key_openssh": "ssh-rsa AAAAB3NzaC1yc2EAAAADAQABAAABAQDVOv6oWng7I1yExHbboyp/YVm0ixoreu56csuBEKwJAuO7wDeJT6yxwXYIFhlNX1Te34pVTQ4IP6KMDeJaE5kCQ1OAiP+9lNjoy6rPIHZD9rUyXi9BQgst2iDOSMcQKIb5han4poMeOXL58uudySIBOuLrrlA0zCV3GSBgFA+hCSgjeoO9yzQEXa8ZYGfnGq0FyiJ2PSe/ClgqNYxik1bXbRVSOD/zdO30IHWpI5Z131tZITcMo6WT2EntzXlUxqH2MlfMqqsIIX3SfFmhcXIP1tf26Nx8DEvRR2607qPNLYHl9xsOBQxNSnF5RijaKaLs2B/T+oAmvLzyW4/Pn7lF\n",
            "public_key_pem": "-----BEGIN PUBLIC KEY-----\nMIIBIjANBgkqhkiG9w0BAQEFAAOCAQ8AMIIBCgKCAQEA1Tr+qFp4OyNchMR226Mq\nf2FZtIsaK3ruenLLgRCsCQLju8A3iU+sscF2CBYZTV9U3t+KVU0OCD+ijA3iWhOZ\nAkNTgIj/vZTY6MuqzyB2Q/a1Ml4vQUILLdogzkjHECiG+YWp+KaDHjly+fLrncki\nATri665QNMwldxkgYBQPoQkoI3qDvcs0BF2vGWBn5xqtBcoidj0nvwpYKjWMYpNW\n120VUjg/83Tt9CB1qSOWdd9bWSE3DKOlk9hJ7c15VMah9jJXzKqrCCF90nxZoXFy\nD9bX9ujcfAxL0UdutO6jzS2B5fcbDgUMTUpxeUYo2imi7Ngf0/qAJry88luPz5+5\nRQIDAQAB\n-----END PUBLIC KEY-----\n",
            "rsa_bits": 2048
          },
          "private": "bnVsbA=="
        }
      ]
    },
    {
      "module": "module.webserver",
      "mode": "managed",
      "type": "tls_self_signed_cert",
      "name": "ca_crt",
      "provider": "provider.tls",
      "instances": [
        {
          "schema_version": 0,
          "attributes": {
            "allowed_uses": [
              "key_encipherment",
              "digital_signature",
              "server_auth"
            ],
            "cert_pem": "-----BEGIN CERTIFICATE-----\nMIIDEzCCAfugAwIBAgIQCWy31s46EvLB3pKKIoxInjANBgkqhkiG9w0BAQsFADAq\nMREwDwYDVQQKEwhYUGVwcGVyczEVMBMGA1UEAxMMY21zLWthdGEuY29tMB4XDTE5\nMDkwODIyNDcxNloXDTE5MDkwOTEwNDcxNlowKjERMA8GA1UEChMIWFBlcHBlcnMx\nFTATBgNVBAMTDGNtcy1rYXRhLmNvbTCCASIwDQYJKoZIhvcNAQEBBQADggEPADCC\nAQoCggEBANU6/qhaeDsjXITEdtujKn9hWbSLGit67npyy4EQrAkC47vAN4lPrLHB\ndggWGU1fVN7filVNDgg/oowN4loTmQJDU4CI/72U2OjLqs8gdkP2tTJeL0FCCy3a\nIM5IxxAohvmFqfimgx45cvny653JIgE64uuuUDTMJXcZIGAUD6EJKCN6g73LNARd\nrxlgZ+carQXKInY9J78KWCo1jGKTVtdtFVI4P/N07fQgdakjlnXfW1khNwyjpZPY\nSe3NeVTGofYyV8yqqwghfdJ8WaFxcg/W1/bo3HwMS9FHbrTuo80tgeX3Gw4FDE1K\ncXlGKNopouzYH9P6gCa8vPJbj8+fuUUCAwEAAaM1MDMwDgYDVR0PAQH/BAQDAgWg\nMBMGA1UdJQQMMAoGCCsGAQUFBwMBMAwGA1UdEwEB/wQCMAAwDQYJKoZIhvcNAQEL\nBQADggEBAL462zSQ95TJUq0m7A0W6ve+5bcbW6VGurGj2opI7nqkIIvl1z1687or\n9ytgKIKdLvSxBLfsUgiTbDB6MRXcON69sZ9oHO0b8lrEQO5368k9IhEv25u/FjNP\nMP+B45x+g8m2z+fO/Kp4JQaxLRgxeH6onWgNZ5sV9QxZNuFtlbEeVqvLwEGoJjrD\n9CaU+cR+18m3Fjh3nBrAPUS/MlPiiJ6WJzMaS4Q1zZ7wS4qMRfUTQaJD8/GVZcjW\njgrUFu/4ol80Nyrxql9aCGesZJrHKWFZmOZC21PYOFZ7j1tzfC8M6gQmjoh8pvcH\nlobLlNoSOi+EeTRWTxMpdKEGI0J6iAk=\n-----END CERTIFICATE-----\n",
            "dns_names": null,
            "early_renewal_hours": 0,
            "id": "12527548722394369749684638868365396126",
            "ip_addresses": null,
            "is_ca_certificate": null,
            "key_algorithm": "RSA",
            "private_key_pem": "d8bc44c1c91e936f40391a5fa7222483aff0c7c3",
            "ready_for_renewal": false,
            "set_subject_key_id": null,
            "subject": [
              {
                "common_name": "cms-kata.com",
                "country": "",
                "locality": "",
                "organization": "XPeppers",
                "organizational_unit": "",
                "postal_code": "",
                "province": "",
                "serial_number": "",
                "street_address": null
              }
            ],
            "uris": null,
            "validity_end_time": "2019-09-09T12:47:16.012334+02:00",
            "validity_period_hours": 12,
            "validity_start_time": "2019-09-09T00:47:16.012334+02:00"
          },
          "private": "bnVsbA==",
          "depends_on": [
            "tls_private_key.ca_key"
          ]
        }
      ]
    }
  ]
}
